
Microsoft Visual Studio Solution File, Format Version 12.00
# Visual Studio 2012
Project("{FAE04EC0-301F-11D3-BF4B-00C04F79EFBC}") = "XCardViewSimpleSample", "XCardViewSimpleSample\XCardViewSimpleSample.csproj", "{4FBB0543-CB1C-4CEF-9C2B-F69A3BAE2EE8}"
EndProject
Global
	GlobalSection(SolutionConfigurationPlatforms) = preSolution
		Debug|iPhoneSimulator = Debug|iPhoneSimulator
		Release|iPhoneSimulator = Release|iPhoneSimulator
		Debug|iPhone = Debug|iPhone
		Release|iPhone = Release|iPhone
		Ad-Hoc|iPhone = Ad-Hoc|iPhone
		AppStore|iPhone = AppStore|iPhone
	EndGlobalSection
	GlobalSection(ProjectConfigurationPlatforms) = postSolution
		{4FBB0543-CB1C-4CEF-9C2B-F69A3BAE2EE8}.Ad-Hoc|iPhone.ActiveCfg = Ad-Hoc|iPhone
		{4FBB0543-CB1C-4CEF-9C2B-F69A3BAE2EE8}.Ad-Hoc|iPhone.Build.0 = Ad-Hoc|iPhone
		{4FBB0543-CB1C-4CEF-9C2B-F69A3BAE2EE8}.AppStore|iPhone.ActiveCfg = AppStore|iPhone
		{4FBB0543-CB1C-4CEF-9C2B-F69A3BAE2EE8}.AppStore|iPhone.Build.0 = AppStore|iPhone
		{4FBB0543-CB1C-4CEF-9C2B-F69A3BAE2EE8}.Debug|iPhone.ActiveCfg = Debug|iPhone
		{4FBB0543-CB1C-4CEF-9C2B-F69A3BAE2EE8}.Debug|iPhone.Build.0 = Debug|iPhone
		{4FBB0543-CB1C-4CEF-9C2B-F69A3BAE2EE8}.Debug|iPhoneSimulator.ActiveCfg = Debug|iPhoneSimulator
		{4FBB0543-CB1C-4CEF-9C2B-F69A3BAE2EE8}.Debug|iPhoneSimulator.Build.0 = Debug|iPhoneSimulator
		{4FBB0543-CB1C-4CEF-9C2B-F69A3BAE2EE8}.Release|iPhone.ActiveCfg = Release|iPhone
		{4FBB0543-CB1C-4CEF-9C2B-F69A3BAE2EE8}.Release|iPhone.Build.0 = Release|iPhone
		{4FBB0543-CB1C-4CEF-9C2B-F69A3BAE2EE8}.Release|iPhoneSimulator.ActiveCfg = Release|iPhoneSimulator
		{4FBB0543-CB1C-4CEF-9C2B-F69A3BAE2EE8}.Release|iPhoneSimulator.Build.0 = Release|iPhoneSimulator
		{828FD46B-8261-4143-AE1C-C457BD8CB36A}.Ad-Hoc|iPhone.ActiveCfg = Ad-Hoc|iPhone
		{828FD46B-8261-4143-AE1C-C457BD8CB36A}.Ad-Hoc|iPhone.Build.0 = Ad-Hoc|iPhone
		{828FD46B-8261-4143-AE1C-C457BD8CB36A}.AppStore|iPhone.ActiveCfg = AppStore|iPhone
		{828FD46B-8261-4143-AE1C-C457BD8CB36A}.AppStore|iPhone.Build.0 = AppStore|iPhone
		{828FD46B-8261-4143-AE1C-C457BD8CB36A}.Debug|iPhone.ActiveCfg = Debug|iPhone
		{828FD46B-8261-4143-AE1C-C457BD8CB36A}.Debug|iPhone.Build.0 = Debug|iPhone
		{828FD46B-8261-4143-AE1C-C457BD8CB36A}.Debug|iPhoneSimulator.ActiveCfg = Debug|iPhoneSimulator
		{828FD46B-8261-4143-AE1C-C457BD8CB36A}.Debug|iPhoneSimulator.Build.0 = Debug|iPhoneSimulator
		{828FD46B-8261-4143-AE1C-C457BD8CB36A}.Release|iPhone.ActiveCfg = Release|iPhone
		{828FD46B-8261-4143-AE1C-C457BD8CB36A}.Release|iPhone.Build.0 = Release|iPhone
		{828FD46B-8261-4143-AE1C-C457BD8CB36A}.Release|iPhoneSimulator.ActiveCfg = Release|iPhoneSimulator
		{828FD46B-8261-4143-AE1C-C457BD8CB36A}.Release|iPhoneSimulator.Build.0 = Release|iPhoneSimulator
		{DC0DB252-EE86-4BEC-8BE2-59B7862179B9}.Ad-Hoc|iPhone.ActiveCfg = Release|Any CPU
		{DC0DB252-EE86-4BEC-8BE2-59B7862179B9}.Ad-Hoc|iPhone.Build.0 = Release|Any CPU
		{DC0DB252-EE86-4BEC-8BE2-59B7862179B9}.AppStore|iPhone.ActiveCfg = Release|Any CPU
		{DC0DB252-EE86-4BEC-8BE2-59B7862179B9}.AppStore|iPhone.Build.0 = Release|Any CPU
		{DC0DB252-EE86-4BEC-8BE2-59B7862179B9}.Debug|iPhone.ActiveCfg = Debug|Any CPU
		{DC0DB252-EE86-4BEC-8BE2-59B7862179B9}.Debug|iPhone.Build.0 = Debug|Any CPU
		{DC0DB252-EE86-4BEC-8BE2-59B7862179B9}.Debug|iPhoneSimulator.ActiveCfg = Debug|Any CPU
		{DC0DB252-EE86-4BEC-8BE2-59B7862179B9}.Debug|iPhoneSimulator.Build.0 = Debug|Any CPU
		{DC0DB252-EE86-4BEC-8BE2-59B7862179B9}.Release|iPhone.ActiveCfg = Release|Any CPU
		{DC0DB252-EE86-4BEC-8BE2-59B7862179B9}.Release|iPhone.Build.0 = Release|Any CPU
		{DC0DB252-EE86-4BEC-8BE2-59B7862179B9}.Release|iPhoneSimulator.ActiveCfg = Release|Any CPU
		{DC0DB252-EE86-4BEC-8BE2-59B7862179B9}.Release|iPhoneSimulator.Build.0 = Release|Any CPU
	EndGlobalSection
	GlobalSection(MonoDevelopProperties) = preSolution
		Policies = $0
		$0.DotNetNamingPolicy = $1
		$1.DirectoryNamespaceAssociation = None
		$1.ResourceNamePolicy = FileFormatDefault
		version = 1.1
	EndGlobalSection
EndGlobal
