
Microsoft Visual Studio Solution File, Format Version 11.00
# Visual Studio 2010
Project("{FAE04EC0-301F-11D3-BF4B-00C04F79EFBC}") = "MessageBarSample", "MessageBarTest\MessageBarSample.csproj", "{492BF4B1-D8B0-4A44-8A37-B58474D9F507}"
EndProject
Global
	GlobalSection(SolutionConfigurationPlatforms) = preSolution
		Debug|iPhoneSimulator = Debug|iPhoneSimulator
		Release|iPhoneSimulator = Release|iPhoneSimulator
		Debug|iPhone = Debug|iPhone
		Release|iPhone = Release|iPhone
		Ad-Hoc|iPhone = Ad-Hoc|iPhone
		AppStore|iPhone = AppStore|iPhone
	EndGlobalSection
	GlobalSection(ProjectConfigurationPlatforms) = postSolution
		{492BF4B1-D8B0-4A44-8A37-B58474D9F507}.Ad-Hoc|iPhone.ActiveCfg = Ad-Hoc|iPhone
		{492BF4B1-D8B0-4A44-8A37-B58474D9F507}.Ad-Hoc|iPhone.Build.0 = Ad-Hoc|iPhone
		{492BF4B1-D8B0-4A44-8A37-B58474D9F507}.AppStore|iPhone.ActiveCfg = AppStore|iPhone
		{492BF4B1-D8B0-4A44-8A37-B58474D9F507}.AppStore|iPhone.Build.0 = AppStore|iPhone
		{492BF4B1-D8B0-4A44-8A37-B58474D9F507}.Debug|iPhone.ActiveCfg = Debug|iPhone
		{492BF4B1-D8B0-4A44-8A37-B58474D9F507}.Debug|iPhone.Build.0 = Debug|iPhone
		{492BF4B1-D8B0-4A44-8A37-B58474D9F507}.Debug|iPhoneSimulator.ActiveCfg = Debug|iPhoneSimulator
		{492BF4B1-D8B0-4A44-8A37-B58474D9F507}.Debug|iPhoneSimulator.Build.0 = Debug|iPhoneSimulator
		{492BF4B1-D8B0-4A44-8A37-B58474D9F507}.Release|iPhone.ActiveCfg = Release|iPhone
		{492BF4B1-D8B0-4A44-8A37-B58474D9F507}.Release|iPhone.Build.0 = Release|iPhone
		{492BF4B1-D8B0-4A44-8A37-B58474D9F507}.Release|iPhoneSimulator.ActiveCfg = Release|iPhoneSimulator
		{492BF4B1-D8B0-4A44-8A37-B58474D9F507}.Release|iPhoneSimulator.Build.0 = Release|iPhoneSimulator
	EndGlobalSection
	GlobalSection(MonoDevelopProperties) = preSolution
		StartupItem = MessageBarTest\MessageBarSample.csproj
	EndGlobalSection
	GlobalSection(SolutionProperties) = preSolution
		HideSolutionNode = FALSE
	EndGlobalSection
EndGlobal
