
Microsoft Visual Studio Solution File, Format Version 12.00
# Visual Studio 2012
VisualStudioVersion = 14.0.23107.0
MinimumVisualStudioVersion = 10.0.40219.1
Project("{2150E333-8FDC-42A3-9474-1A3956D46DE8}") = "Tests", "Tests", "{6D706EF8-D86D-4EC1-8A4B-DBB96AE328BA}"
EndProject
Project("{FAE04EC0-301F-11D3-BF4B-00C04F79EFBC}") = "BeerDrinkinAPITest", "BeerDrinkinAPITest\BeerDrinkinAPITest.csproj", "{2FB7CDDC-5826-435F-B982-D5EB71009F67}"
EndProject
Project("{FAE04EC0-301F-11D3-BF4B-00C04F79EFBC}") = "BeerDrinkin.UITest", "BeerDrinkinAPITest\BeerDrinkin.UITest\BeerDrinkin.UITest.csproj", "{646BD37C-3298-4E1E-8259-442C877862BF}"
EndProject
Project("{2150E333-8FDC-42A3-9474-1A3956D46DE8}") = "Azure", "Azure", "{BEDEC582-F7A0-4229-B4C2-4AF4F799A7BF}"
EndProject
Project("{FAE04EC0-301F-11D3-BF4B-00C04F79EFBC}") = "BeerDrinkinAPI", "BeerDrinkinAPI\BeerDrinkinAPI.csproj", "{AB1004CB-BECB-4EDD-979F-71B74C5C2539}"
EndProject
Project("{FAE04EC0-301F-11D3-BF4B-00C04F79EFBC}") = "BeerDrinkingService", "BeerDrinkingService\BeerDrinkingService.csproj", "{209FA716-A7AD-4095-BD70-C8710FC66FA7}"
EndProject
Project("{2150E333-8FDC-42A3-9474-1A3956D46DE8}") = "Dependencies", "Dependencies", "{06DFA155-F8ED-4B2A-85DE-8DB2866664B1}"
EndProject
Project("{2150E333-8FDC-42A3-9474-1A3956D46DE8}") = "BreweryDB", "BreweryDB", "{E60E66C4-3373-40CB-9A9F-72B99AD6EB4B}"
EndProject
Project("{FAE04EC0-301F-11D3-BF4B-00C04F79EFBC}") = "BreweryDB", "..\BreweryDB\BreweryDB\BreweryDB.csproj", "{84D549C9-B9CA-4C37-8C99-2C12DB8906B6}"
EndProject
Project("{2150E333-8FDC-42A3-9474-1A3956D46DE8}") = "Mobile", "Mobile", "{1E7B6321-ED74-43B9-BF1D-BAB6679962A6}"
EndProject
Project("{FAE04EC0-301F-11D3-BF4B-00C04F79EFBC}") = "BeerDrinkin", "Mobile\BeerDrinkin.csproj", "{70F2F312-0E9F-40B2-BA23-37F994708DAE}"
EndProject
Project("{FAE04EC0-301F-11D3-BF4B-00C04F79EFBC}") = "BeerDrinkin.iOS", "Mobile\iOS\BeerDrinkin.iOS.csproj", "{586D37FE-B247-44A7-B218-278458571D5A}"
EndProject
Project("{FAE04EC0-301F-11D3-BF4B-00C04F79EFBC}") = "BeerDrinkinAPI.Tests", "BeerDrinkinAPI.Tests01\BeerDrinkinAPI.Tests.csproj", "{403FFAC2-7F76-4522-8D5E-82FF4CBE7669}"
EndProject
Global
	GlobalSection(SolutionConfigurationPlatforms) = preSolution
		Debug|Any CPU = Debug|Any CPU
		Debug|ARM = Debug|ARM
		Debug|iPhone = Debug|iPhone
		Debug|iPhoneSimulator = Debug|iPhoneSimulator
		Debug|x64 = Debug|x64
		Debug|x86 = Debug|x86
		Release|Any CPU = Release|Any CPU
		Release|ARM = Release|ARM
		Release|iPhone = Release|iPhone
		Release|iPhoneSimulator = Release|iPhoneSimulator
		Release|x64 = Release|x64
		Release|x86 = Release|x86
	EndGlobalSection
	GlobalSection(ProjectConfigurationPlatforms) = postSolution
		{209FA716-A7AD-4095-BD70-C8710FC66FA7}.Debug|Any CPU.ActiveCfg = Debug|Any CPU
		{209FA716-A7AD-4095-BD70-C8710FC66FA7}.Debug|Any CPU.Build.0 = Debug|Any CPU
		{209FA716-A7AD-4095-BD70-C8710FC66FA7}.Debug|ARM.ActiveCfg = Debug|Any CPU
		{209FA716-A7AD-4095-BD70-C8710FC66FA7}.Debug|ARM.Build.0 = Debug|Any CPU
		{209FA716-A7AD-4095-BD70-C8710FC66FA7}.Debug|iPhone.ActiveCfg = Debug|Any CPU
		{209FA716-A7AD-4095-BD70-C8710FC66FA7}.Debug|iPhone.Build.0 = Debug|Any CPU
		{209FA716-A7AD-4095-BD70-C8710FC66FA7}.Debug|iPhoneSimulator.ActiveCfg = Debug|Any CPU
		{209FA716-A7AD-4095-BD70-C8710FC66FA7}.Debug|iPhoneSimulator.Build.0 = Debug|Any CPU
		{209FA716-A7AD-4095-BD70-C8710FC66FA7}.Debug|x64.ActiveCfg = Debug|Any CPU
		{209FA716-A7AD-4095-BD70-C8710FC66FA7}.Debug|x64.Build.0 = Debug|Any CPU
		{209FA716-A7AD-4095-BD70-C8710FC66FA7}.Debug|x86.ActiveCfg = Debug|Any CPU
		{209FA716-A7AD-4095-BD70-C8710FC66FA7}.Debug|x86.Build.0 = Debug|Any CPU
		{209FA716-A7AD-4095-BD70-C8710FC66FA7}.Release|Any CPU.ActiveCfg = Release|Any CPU
		{209FA716-A7AD-4095-BD70-C8710FC66FA7}.Release|Any CPU.Build.0 = Release|Any CPU
		{209FA716-A7AD-4095-BD70-C8710FC66FA7}.Release|ARM.ActiveCfg = Release|Any CPU
		{209FA716-A7AD-4095-BD70-C8710FC66FA7}.Release|ARM.Build.0 = Release|Any CPU
		{209FA716-A7AD-4095-BD70-C8710FC66FA7}.Release|iPhone.ActiveCfg = Release|Any CPU
		{209FA716-A7AD-4095-BD70-C8710FC66FA7}.Release|iPhone.Build.0 = Release|Any CPU
		{209FA716-A7AD-4095-BD70-C8710FC66FA7}.Release|iPhoneSimulator.ActiveCfg = Release|Any CPU
		{209FA716-A7AD-4095-BD70-C8710FC66FA7}.Release|iPhoneSimulator.Build.0 = Release|Any CPU
		{209FA716-A7AD-4095-BD70-C8710FC66FA7}.Release|x64.ActiveCfg = Release|Any CPU
		{209FA716-A7AD-4095-BD70-C8710FC66FA7}.Release|x64.Build.0 = Release|Any CPU
		{209FA716-A7AD-4095-BD70-C8710FC66FA7}.Release|x86.ActiveCfg = Release|Any CPU
		{209FA716-A7AD-4095-BD70-C8710FC66FA7}.Release|x86.Build.0 = Release|Any CPU
		{2FB7CDDC-5826-435F-B982-D5EB71009F67}.Debug|Any CPU.ActiveCfg = Debug|Any CPU
		{2FB7CDDC-5826-435F-B982-D5EB71009F67}.Debug|Any CPU.Build.0 = Debug|Any CPU
		{2FB7CDDC-5826-435F-B982-D5EB71009F67}.Debug|ARM.ActiveCfg = Debug|Any CPU
		{2FB7CDDC-5826-435F-B982-D5EB71009F67}.Debug|ARM.Build.0 = Debug|Any CPU
		{2FB7CDDC-5826-435F-B982-D5EB71009F67}.Debug|iPhone.ActiveCfg = Debug|Any CPU
		{2FB7CDDC-5826-435F-B982-D5EB71009F67}.Debug|iPhone.Build.0 = Debug|Any CPU
		{2FB7CDDC-5826-435F-B982-D5EB71009F67}.Debug|iPhoneSimulator.ActiveCfg = Debug|Any CPU
		{2FB7CDDC-5826-435F-B982-D5EB71009F67}.Debug|iPhoneSimulator.Build.0 = Debug|Any CPU
		{2FB7CDDC-5826-435F-B982-D5EB71009F67}.Debug|x64.ActiveCfg = Debug|Any CPU
		{2FB7CDDC-5826-435F-B982-D5EB71009F67}.Debug|x64.Build.0 = Debug|Any CPU
		{2FB7CDDC-5826-435F-B982-D5EB71009F67}.Debug|x86.ActiveCfg = Debug|Any CPU
		{2FB7CDDC-5826-435F-B982-D5EB71009F67}.Debug|x86.Build.0 = Debug|Any CPU
		{2FB7CDDC-5826-435F-B982-D5EB71009F67}.Release|Any CPU.ActiveCfg = Release|Any CPU
		{2FB7CDDC-5826-435F-B982-D5EB71009F67}.Release|Any CPU.Build.0 = Release|Any CPU
		{2FB7CDDC-5826-435F-B982-D5EB71009F67}.Release|ARM.ActiveCfg = Release|Any CPU
		{2FB7CDDC-5826-435F-B982-D5EB71009F67}.Release|ARM.Build.0 = Release|Any CPU
		{2FB7CDDC-5826-435F-B982-D5EB71009F67}.Release|iPhone.ActiveCfg = Release|Any CPU
		{2FB7CDDC-5826-435F-B982-D5EB71009F67}.Release|iPhone.Build.0 = Release|Any CPU
		{2FB7CDDC-5826-435F-B982-D5EB71009F67}.Release|iPhoneSimulator.ActiveCfg = Release|Any CPU
		{2FB7CDDC-5826-435F-B982-D5EB71009F67}.Release|iPhoneSimulator.Build.0 = Release|Any CPU
		{2FB7CDDC-5826-435F-B982-D5EB71009F67}.Release|x64.ActiveCfg = Release|Any CPU
		{2FB7CDDC-5826-435F-B982-D5EB71009F67}.Release|x64.Build.0 = Release|Any CPU
		{2FB7CDDC-5826-435F-B982-D5EB71009F67}.Release|x86.ActiveCfg = Release|Any CPU
		{2FB7CDDC-5826-435F-B982-D5EB71009F67}.Release|x86.Build.0 = Release|Any CPU
		{403FFAC2-7F76-4522-8D5E-82FF4CBE7669}.Debug|Any CPU.ActiveCfg = Debug|Any CPU
		{403FFAC2-7F76-4522-8D5E-82FF4CBE7669}.Debug|Any CPU.Build.0 = Debug|Any CPU
		{403FFAC2-7F76-4522-8D5E-82FF4CBE7669}.Debug|ARM.ActiveCfg = Debug|Any CPU
		{403FFAC2-7F76-4522-8D5E-82FF4CBE7669}.Debug|ARM.Build.0 = Debug|Any CPU
		{403FFAC2-7F76-4522-8D5E-82FF4CBE7669}.Debug|iPhone.ActiveCfg = Debug|Any CPU
		{403FFAC2-7F76-4522-8D5E-82FF4CBE7669}.Debug|iPhone.Build.0 = Debug|Any CPU
		{403FFAC2-7F76-4522-8D5E-82FF4CBE7669}.Debug|iPhoneSimulator.ActiveCfg = Debug|Any CPU
		{403FFAC2-7F76-4522-8D5E-82FF4CBE7669}.Debug|iPhoneSimulator.Build.0 = Debug|Any CPU
		{403FFAC2-7F76-4522-8D5E-82FF4CBE7669}.Debug|x64.ActiveCfg = Debug|Any CPU
		{403FFAC2-7F76-4522-8D5E-82FF4CBE7669}.Debug|x64.Build.0 = Debug|Any CPU
		{403FFAC2-7F76-4522-8D5E-82FF4CBE7669}.Debug|x86.ActiveCfg = Debug|Any CPU
		{403FFAC2-7F76-4522-8D5E-82FF4CBE7669}.Debug|x86.Build.0 = Debug|Any CPU
		{403FFAC2-7F76-4522-8D5E-82FF4CBE7669}.Release|Any CPU.ActiveCfg = Release|Any CPU
		{403FFAC2-7F76-4522-8D5E-82FF4CBE7669}.Release|Any CPU.Build.0 = Release|Any CPU
		{403FFAC2-7F76-4522-8D5E-82FF4CBE7669}.Release|ARM.ActiveCfg = Release|Any CPU
		{403FFAC2-7F76-4522-8D5E-82FF4CBE7669}.Release|ARM.Build.0 = Release|Any CPU
		{403FFAC2-7F76-4522-8D5E-82FF4CBE7669}.Release|iPhone.ActiveCfg = Release|Any CPU
		{403FFAC2-7F76-4522-8D5E-82FF4CBE7669}.Release|iPhone.Build.0 = Release|Any CPU
		{403FFAC2-7F76-4522-8D5E-82FF4CBE7669}.Release|iPhoneSimulator.ActiveCfg = Release|Any CPU
		{403FFAC2-7F76-4522-8D5E-82FF4CBE7669}.Release|iPhoneSimulator.Build.0 = Release|Any CPU
		{403FFAC2-7F76-4522-8D5E-82FF4CBE7669}.Release|x64.ActiveCfg = Release|Any CPU
		{403FFAC2-7F76-4522-8D5E-82FF4CBE7669}.Release|x64.Build.0 = Release|Any CPU
		{403FFAC2-7F76-4522-8D5E-82FF4CBE7669}.Release|x86.ActiveCfg = Release|Any CPU
		{403FFAC2-7F76-4522-8D5E-82FF4CBE7669}.Release|x86.Build.0 = Release|Any CPU
		{586D37FE-B247-44A7-B218-278458571D5A}.Debug|Any CPU.ActiveCfg = Debug|iPhone
		{586D37FE-B247-44A7-B218-278458571D5A}.Debug|ARM.ActiveCfg = Debug|iPhone
		{586D37FE-B247-44A7-B218-278458571D5A}.Debug|iPhone.ActiveCfg = Debug|iPhone
		{586D37FE-B247-44A7-B218-278458571D5A}.Debug|iPhone.Build.0 = Debug|iPhone
		{586D37FE-B247-44A7-B218-278458571D5A}.Debug|iPhoneSimulator.ActiveCfg = Debug|iPhoneSimulator
		{586D37FE-B247-44A7-B218-278458571D5A}.Debug|iPhoneSimulator.Build.0 = Debug|iPhoneSimulator
		{586D37FE-B247-44A7-B218-278458571D5A}.Debug|x64.ActiveCfg = Debug|iPhone
		{586D37FE-B247-44A7-B218-278458571D5A}.Debug|x86.ActiveCfg = Debug|iPhone
		{586D37FE-B247-44A7-B218-278458571D5A}.Release|Any CPU.ActiveCfg = Release|iPhone
		{586D37FE-B247-44A7-B218-278458571D5A}.Release|ARM.ActiveCfg = Release|iPhone
		{586D37FE-B247-44A7-B218-278458571D5A}.Release|iPhone.ActiveCfg = Release|iPhone
		{586D37FE-B247-44A7-B218-278458571D5A}.Release|iPhone.Build.0 = Release|iPhone
		{586D37FE-B247-44A7-B218-278458571D5A}.Release|iPhoneSimulator.ActiveCfg = Release|iPhoneSimulator
		{586D37FE-B247-44A7-B218-278458571D5A}.Release|iPhoneSimulator.Build.0 = Release|iPhoneSimulator
		{586D37FE-B247-44A7-B218-278458571D5A}.Release|x64.ActiveCfg = Release|iPhone
		{586D37FE-B247-44A7-B218-278458571D5A}.Release|x86.ActiveCfg = Release|iPhone
		{646BD37C-3298-4E1E-8259-442C877862BF}.Debug|Any CPU.ActiveCfg = Debug|Any CPU
		{646BD37C-3298-4E1E-8259-442C877862BF}.Debug|Any CPU.Build.0 = Debug|Any CPU
		{646BD37C-3298-4E1E-8259-442C877862BF}.Debug|ARM.ActiveCfg = Debug|Any CPU
		{646BD37C-3298-4E1E-8259-442C877862BF}.Debug|ARM.Build.0 = Debug|Any CPU
		{646BD37C-3298-4E1E-8259-442C877862BF}.Debug|iPhone.ActiveCfg = Debug|Any CPU
		{646BD37C-3298-4E1E-8259-442C877862BF}.Debug|iPhone.Build.0 = Debug|Any CPU
		{646BD37C-3298-4E1E-8259-442C877862BF}.Debug|iPhoneSimulator.ActiveCfg = Debug|Any CPU
		{646BD37C-3298-4E1E-8259-442C877862BF}.Debug|iPhoneSimulator.Build.0 = Debug|Any CPU
		{646BD37C-3298-4E1E-8259-442C877862BF}.Debug|x64.ActiveCfg = Debug|Any CPU
		{646BD37C-3298-4E1E-8259-442C877862BF}.Debug|x64.Build.0 = Debug|Any CPU
		{646BD37C-3298-4E1E-8259-442C877862BF}.Debug|x86.ActiveCfg = Debug|Any CPU
		{646BD37C-3298-4E1E-8259-442C877862BF}.Debug|x86.Build.0 = Debug|Any CPU
		{646BD37C-3298-4E1E-8259-442C877862BF}.Release|Any CPU.ActiveCfg = Release|Any CPU
		{646BD37C-3298-4E1E-8259-442C877862BF}.Release|Any CPU.Build.0 = Release|Any CPU
		{646BD37C-3298-4E1E-8259-442C877862BF}.Release|ARM.ActiveCfg = Release|Any CPU
		{646BD37C-3298-4E1E-8259-442C877862BF}.Release|ARM.Build.0 = Release|Any CPU
		{646BD37C-3298-4E1E-8259-442C877862BF}.Release|iPhone.ActiveCfg = Release|Any CPU
		{646BD37C-3298-4E1E-8259-442C877862BF}.Release|iPhone.Build.0 = Release|Any CPU
		{646BD37C-3298-4E1E-8259-442C877862BF}.Release|iPhoneSimulator.ActiveCfg = Release|Any CPU
		{646BD37C-3298-4E1E-8259-442C877862BF}.Release|iPhoneSimulator.Build.0 = Release|Any CPU
		{646BD37C-3298-4E1E-8259-442C877862BF}.Release|x64.ActiveCfg = Release|Any CPU
		{646BD37C-3298-4E1E-8259-442C877862BF}.Release|x64.Build.0 = Release|Any CPU
		{646BD37C-3298-4E1E-8259-442C877862BF}.Release|x86.ActiveCfg = Release|Any CPU
		{646BD37C-3298-4E1E-8259-442C877862BF}.Release|x86.Build.0 = Release|Any CPU
		{70F2F312-0E9F-40B2-BA23-37F994708DAE}.Debug|Any CPU.ActiveCfg = Debug|Any CPU
		{70F2F312-0E9F-40B2-BA23-37F994708DAE}.Debug|Any CPU.Build.0 = Debug|Any CPU
		{70F2F312-0E9F-40B2-BA23-37F994708DAE}.Debug|ARM.ActiveCfg = Debug|Any CPU
		{70F2F312-0E9F-40B2-BA23-37F994708DAE}.Debug|ARM.Build.0 = Debug|Any CPU
		{70F2F312-0E9F-40B2-BA23-37F994708DAE}.Debug|iPhone.ActiveCfg = Debug|Any CPU
		{70F2F312-0E9F-40B2-BA23-37F994708DAE}.Debug|iPhone.Build.0 = Debug|Any CPU
		{70F2F312-0E9F-40B2-BA23-37F994708DAE}.Debug|iPhoneSimulator.ActiveCfg = Debug|Any CPU
		{70F2F312-0E9F-40B2-BA23-37F994708DAE}.Debug|iPhoneSimulator.Build.0 = Debug|Any CPU
		{70F2F312-0E9F-40B2-BA23-37F994708DAE}.Debug|x64.ActiveCfg = Debug|Any CPU
		{70F2F312-0E9F-40B2-BA23-37F994708DAE}.Debug|x64.Build.0 = Debug|Any CPU
		{70F2F312-0E9F-40B2-BA23-37F994708DAE}.Debug|x86.ActiveCfg = Debug|Any CPU
		{70F2F312-0E9F-40B2-BA23-37F994708DAE}.Debug|x86.Build.0 = Debug|Any CPU
		{70F2F312-0E9F-40B2-BA23-37F994708DAE}.Release|Any CPU.ActiveCfg = Release|Any CPU
		{70F2F312-0E9F-40B2-BA23-37F994708DAE}.Release|Any CPU.Build.0 = Release|Any CPU
		{70F2F312-0E9F-40B2-BA23-37F994708DAE}.Release|ARM.ActiveCfg = Release|Any CPU
		{70F2F312-0E9F-40B2-BA23-37F994708DAE}.Release|ARM.Build.0 = Release|Any CPU
		{70F2F312-0E9F-40B2-BA23-37F994708DAE}.Release|iPhone.ActiveCfg = Release|Any CPU
		{70F2F312-0E9F-40B2-BA23-37F994708DAE}.Release|iPhone.Build.0 = Release|Any CPU
		{70F2F312-0E9F-40B2-BA23-37F994708DAE}.Release|iPhoneSimulator.ActiveCfg = Release|Any CPU
		{70F2F312-0E9F-40B2-BA23-37F994708DAE}.Release|iPhoneSimulator.Build.0 = Release|Any CPU
		{70F2F312-0E9F-40B2-BA23-37F994708DAE}.Release|x64.ActiveCfg = Release|Any CPU
		{70F2F312-0E9F-40B2-BA23-37F994708DAE}.Release|x64.Build.0 = Release|Any CPU
		{70F2F312-0E9F-40B2-BA23-37F994708DAE}.Release|x86.ActiveCfg = Release|Any CPU
		{70F2F312-0E9F-40B2-BA23-37F994708DAE}.Release|x86.Build.0 = Release|Any CPU
		{84D549C9-B9CA-4C37-8C99-2C12DB8906B6}.Debug|Any CPU.ActiveCfg = Debug|Any CPU
		{84D549C9-B9CA-4C37-8C99-2C12DB8906B6}.Debug|Any CPU.Build.0 = Debug|Any CPU
		{84D549C9-B9CA-4C37-8C99-2C12DB8906B6}.Debug|ARM.ActiveCfg = Debug|Any CPU
		{84D549C9-B9CA-4C37-8C99-2C12DB8906B6}.Debug|ARM.Build.0 = Debug|Any CPU
		{84D549C9-B9CA-4C37-8C99-2C12DB8906B6}.Debug|iPhone.ActiveCfg = Debug|Any CPU
		{84D549C9-B9CA-4C37-8C99-2C12DB8906B6}.Debug|iPhoneSimulator.ActiveCfg = Debug|Any CPU
		{84D549C9-B9CA-4C37-8C99-2C12DB8906B6}.Debug|x64.ActiveCfg = Debug|Any CPU
		{84D549C9-B9CA-4C37-8C99-2C12DB8906B6}.Debug|x64.Build.0 = Debug|Any CPU
		{84D549C9-B9CA-4C37-8C99-2C12DB8906B6}.Debug|x86.ActiveCfg = Debug|Any CPU
		{84D549C9-B9CA-4C37-8C99-2C12DB8906B6}.Debug|x86.Build.0 = Debug|Any CPU
		{84D549C9-B9CA-4C37-8C99-2C12DB8906B6}.Release|Any CPU.ActiveCfg = Release|Any CPU
		{84D549C9-B9CA-4C37-8C99-2C12DB8906B6}.Release|Any CPU.Build.0 = Release|Any CPU
		{84D549C9-B9CA-4C37-8C99-2C12DB8906B6}.Release|ARM.ActiveCfg = Release|Any CPU
		{84D549C9-B9CA-4C37-8C99-2C12DB8906B6}.Release|ARM.Build.0 = Release|Any CPU
		{84D549C9-B9CA-4C37-8C99-2C12DB8906B6}.Release|iPhone.ActiveCfg = Release|Any CPU
		{84D549C9-B9CA-4C37-8C99-2C12DB8906B6}.Release|iPhoneSimulator.ActiveCfg = Release|Any CPU
		{84D549C9-B9CA-4C37-8C99-2C12DB8906B6}.Release|x64.ActiveCfg = Release|Any CPU
		{84D549C9-B9CA-4C37-8C99-2C12DB8906B6}.Release|x64.Build.0 = Release|Any CPU
		{84D549C9-B9CA-4C37-8C99-2C12DB8906B6}.Release|x86.ActiveCfg = Release|Any CPU
		{84D549C9-B9CA-4C37-8C99-2C12DB8906B6}.Release|x86.Build.0 = Release|Any CPU
		{AB1004CB-BECB-4EDD-979F-71B74C5C2539}.Debug|Any CPU.ActiveCfg = Debug|Any CPU
		{AB1004CB-BECB-4EDD-979F-71B74C5C2539}.Debug|Any CPU.Build.0 = Debug|Any CPU
		{AB1004CB-BECB-4EDD-979F-71B74C5C2539}.Debug|ARM.ActiveCfg = Debug|Any CPU
		{AB1004CB-BECB-4EDD-979F-71B74C5C2539}.Debug|ARM.Build.0 = Debug|Any CPU
		{AB1004CB-BECB-4EDD-979F-71B74C5C2539}.Debug|iPhone.ActiveCfg = Debug|Any CPU
		{AB1004CB-BECB-4EDD-979F-71B74C5C2539}.Debug|iPhone.Build.0 = Debug|Any CPU
		{AB1004CB-BECB-4EDD-979F-71B74C5C2539}.Debug|iPhoneSimulator.ActiveCfg = Debug|Any CPU
		{AB1004CB-BECB-4EDD-979F-71B74C5C2539}.Debug|iPhoneSimulator.Build.0 = Debug|Any CPU
		{AB1004CB-BECB-4EDD-979F-71B74C5C2539}.Debug|x64.ActiveCfg = Debug|Any CPU
		{AB1004CB-BECB-4EDD-979F-71B74C5C2539}.Debug|x64.Build.0 = Debug|Any CPU
		{AB1004CB-BECB-4EDD-979F-71B74C5C2539}.Debug|x86.ActiveCfg = Debug|Any CPU
		{AB1004CB-BECB-4EDD-979F-71B74C5C2539}.Debug|x86.Build.0 = Debug|Any CPU
		{AB1004CB-BECB-4EDD-979F-71B74C5C2539}.Release|Any CPU.ActiveCfg = Release|Any CPU
		{AB1004CB-BECB-4EDD-979F-71B74C5C2539}.Release|Any CPU.Build.0 = Release|Any CPU
		{AB1004CB-BECB-4EDD-979F-71B74C5C2539}.Release|ARM.ActiveCfg = Release|Any CPU
		{AB1004CB-BECB-4EDD-979F-71B74C5C2539}.Release|ARM.Build.0 = Release|Any CPU
		{AB1004CB-BECB-4EDD-979F-71B74C5C2539}.Release|iPhone.ActiveCfg = Release|Any CPU
		{AB1004CB-BECB-4EDD-979F-71B74C5C2539}.Release|iPhone.Build.0 = Release|Any CPU
		{AB1004CB-BECB-4EDD-979F-71B74C5C2539}.Release|iPhoneSimulator.ActiveCfg = Release|Any CPU
		{AB1004CB-BECB-4EDD-979F-71B74C5C2539}.Release|iPhoneSimulator.Build.0 = Release|Any CPU
		{AB1004CB-BECB-4EDD-979F-71B74C5C2539}.Release|x64.ActiveCfg = Release|Any CPU
		{AB1004CB-BECB-4EDD-979F-71B74C5C2539}.Release|x64.Build.0 = Release|Any CPU
		{AB1004CB-BECB-4EDD-979F-71B74C5C2539}.Release|x86.ActiveCfg = Release|Any CPU
		{AB1004CB-BECB-4EDD-979F-71B74C5C2539}.Release|x86.Build.0 = Release|Any CPU
	EndGlobalSection
	GlobalSection(NestedProjects) = preSolution
		{2FB7CDDC-5826-435F-B982-D5EB71009F67} = {6D706EF8-D86D-4EC1-8A4B-DBB96AE328BA}
		{646BD37C-3298-4E1E-8259-442C877862BF} = {6D706EF8-D86D-4EC1-8A4B-DBB96AE328BA}
		{AB1004CB-BECB-4EDD-979F-71B74C5C2539} = {BEDEC582-F7A0-4229-B4C2-4AF4F799A7BF}
		{209FA716-A7AD-4095-BD70-C8710FC66FA7} = {BEDEC582-F7A0-4229-B4C2-4AF4F799A7BF}
		{E60E66C4-3373-40CB-9A9F-72B99AD6EB4B} = {06DFA155-F8ED-4B2A-85DE-8DB2866664B1}
		{84D549C9-B9CA-4C37-8C99-2C12DB8906B6} = {E60E66C4-3373-40CB-9A9F-72B99AD6EB4B}
		{70F2F312-0E9F-40B2-BA23-37F994708DAE} = {1E7B6321-ED74-43B9-BF1D-BAB6679962A6}
		{586D37FE-B247-44A7-B218-278458571D5A} = {1E7B6321-ED74-43B9-BF1D-BAB6679962A6}
	EndGlobalSection
	GlobalSection(SolutionProperties) = preSolution
		HideSolutionNode = FALSE
	EndGlobalSection
EndGlobal
