
Microsoft Visual Studio Solution File, Format Version 12.00
# Visual Studio 14
VisualStudioVersion = 14.0.25123.0
MinimumVisualStudioVersion = 10.0.40219.1
Project("{FAE04EC0-301F-11D3-BF4B-00C04F79EFBC}") = "BeerDrinkin.Forms.Core", "MobileApps\Forms\BeerDrinkin.Forms\BeerDrinkin.Forms.Core.csproj", "{C5BCCF93-1D58-4838-B6B4-6F9D9D232EC5}"
EndProject
Project("{FAE04EC0-301F-11D3-BF4B-00C04F79EFBC}") = "BeerDrinkin.Core", "ClientSDKs\BeerDrinkin.Core\BeerDrinkin.Core.csproj", "{E68D035D-D4C0-48E5-B6A9-C2A2C833B167}"
EndProject
Project("{FAE04EC0-301F-11D3-BF4B-00C04F79EFBC}") = "BeerDrinkin.AzureClient", "ClientSDKs\BeerDrinkin.AzureClient\BeerDrinkin.AzureClient.csproj", "{0D1E84BC-8253-46EF-B55B-E00BBD774B52}"
EndProject
Project("{FAE04EC0-301F-11D3-BF4B-00C04F79EFBC}") = "BeerDrinkin.DataStore.Abstractions", "ClientSDKs\BeerDrinkin.DataStore.Abstractions\BeerDrinkin.DataStore.Abstractions.csproj", "{55F4CF78-F192-4A7E-9DCE-66944D3ABBC0}"
EndProject
Project("{FAE04EC0-301F-11D3-BF4B-00C04F79EFBC}") = "BeerDrinkin.DataStore.Azure", "ClientSDKs\BeerDrinkin.DataStore.Azure\BeerDrinkin.DataStore.Azure.csproj", "{459B00BF-1CF7-44AA-950B-27483C032C2D}"
EndProject
Project("{FAE04EC0-301F-11D3-BF4B-00C04F79EFBC}") = "BeerDrinkin.Services.Abstractions", "ClientSDKs\BeerDrinkin.Services.Abstractions\BeerDrinkin.Services.Abstractions.csproj", "{4FECE5FF-399C-4814-9830-E4D69D3AE83A}"
EndProject
Project("{FAE04EC0-301F-11D3-BF4B-00C04F79EFBC}") = "BeerDrinkin.Services.Azure", "ClientSDKs\BeerDrinkin.Services.Azure\BeerDrinkin.Services.Azure.csproj", "{89C1C0D0-874B-406B-B7AE-6EF49A8ED4D6}"
EndProject
Project("{FAE04EC0-301F-11D3-BF4B-00C04F79EFBC}") = "BeerDrinkin.Utils", "ClientSDKs\BeerDrinkin.Utils\BeerDrinkin.Utils.csproj", "{22AD198D-8B6D-40B1-BA0C-05379EED9766}"
EndProject
Project("{FAE04EC0-301F-11D3-BF4B-00C04F79EFBC}") = "BeerDrinkin.Forms.iOS", "MobileApps\Forms\BeerDrinkin.Forms.iOS\BeerDrinkin.Forms.iOS.csproj", "{46BADB35-E1B5-409D-8C0B-E5D7CB86D775}"
EndProject
Project("{FAE04EC0-301F-11D3-BF4B-00C04F79EFBC}") = "BeerDrinkin.Forms.Droid", "MobileApps\Forms\BeerDrinkin.Forms.Droid\BeerDrinkin.Forms.Droid.csproj", "{B0DCAA4E-1853-4561-A98C-1F6B994755F2}"
EndProject
Project("{2150E333-8FDC-42A3-9474-1A3956D46DE8}") = "Core SDK", "Core SDK", "{78B26157-BA6D-499D-9FB4-75827C351A05}"
EndProject
Project("{FAE04EC0-301F-11D3-BF4B-00C04F79EFBC}") = "BeerDrinkin.Forms.UWP", "MobileApps\Forms\BeerDrinkin.Forms.UWP\BeerDrinkin.Forms.UWP.csproj", "{FFBFF4F6-6B8E-4269-870A-30188ABECE69}"
EndProject
Global
	GlobalSection(SharedMSBuildProjectFiles) = preSolution
		ClientSDKs\BeerDrinkin.DataObjects\BeerDrinkin.DataObjects.projitems*{4fece5ff-399c-4814-9830-e4d69d3ae83a}*SharedItemsImports = 4
	EndGlobalSection
	GlobalSection(SolutionConfigurationPlatforms) = preSolution
		Ad-Hoc|Any CPU = Ad-Hoc|Any CPU
		Ad-Hoc|ARM = Ad-Hoc|ARM
		Ad-Hoc|iPhone = Ad-Hoc|iPhone
		Ad-Hoc|iPhoneSimulator = Ad-Hoc|iPhoneSimulator
		Ad-Hoc|x64 = Ad-Hoc|x64
		Ad-Hoc|x86 = Ad-Hoc|x86
		AppStore|Any CPU = AppStore|Any CPU
		AppStore|ARM = AppStore|ARM
		AppStore|iPhone = AppStore|iPhone
		AppStore|iPhoneSimulator = AppStore|iPhoneSimulator
		AppStore|x64 = AppStore|x64
		AppStore|x86 = AppStore|x86
		Debug|Any CPU = Debug|Any CPU
		Debug|ARM = Debug|ARM
		Debug|iPhone = Debug|iPhone
		Debug|iPhoneSimulator = Debug|iPhoneSimulator
		Debug|x64 = Debug|x64
		Debug|x86 = Debug|x86
		Release|Any CPU = Release|Any CPU
		Release|ARM = Release|ARM
		Release|iPhone = Release|iPhone
		Release|iPhoneSimulator = Release|iPhoneSimulator
		Release|x64 = Release|x64
		Release|x86 = Release|x86
	EndGlobalSection
	GlobalSection(ProjectConfigurationPlatforms) = postSolution
		{C5BCCF93-1D58-4838-B6B4-6F9D9D232EC5}.Ad-Hoc|Any CPU.ActiveCfg = Release|Any CPU
		{C5BCCF93-1D58-4838-B6B4-6F9D9D232EC5}.Ad-Hoc|Any CPU.Build.0 = Release|Any CPU
		{C5BCCF93-1D58-4838-B6B4-6F9D9D232EC5}.Ad-Hoc|ARM.ActiveCfg = Release|Any CPU
		{C5BCCF93-1D58-4838-B6B4-6F9D9D232EC5}.Ad-Hoc|ARM.Build.0 = Release|Any CPU
		{C5BCCF93-1D58-4838-B6B4-6F9D9D232EC5}.Ad-Hoc|iPhone.ActiveCfg = Release|Any CPU
		{C5BCCF93-1D58-4838-B6B4-6F9D9D232EC5}.Ad-Hoc|iPhone.Build.0 = Release|Any CPU
		{C5BCCF93-1D58-4838-B6B4-6F9D9D232EC5}.Ad-Hoc|iPhoneSimulator.ActiveCfg = Release|Any CPU
		{C5BCCF93-1D58-4838-B6B4-6F9D9D232EC5}.Ad-Hoc|iPhoneSimulator.Build.0 = Release|Any CPU
		{C5BCCF93-1D58-4838-B6B4-6F9D9D232EC5}.Ad-Hoc|x64.ActiveCfg = Release|Any CPU
		{C5BCCF93-1D58-4838-B6B4-6F9D9D232EC5}.Ad-Hoc|x64.Build.0 = Release|Any CPU
		{C5BCCF93-1D58-4838-B6B4-6F9D9D232EC5}.Ad-Hoc|x86.ActiveCfg = Release|Any CPU
		{C5BCCF93-1D58-4838-B6B4-6F9D9D232EC5}.Ad-Hoc|x86.Build.0 = Release|Any CPU
		{C5BCCF93-1D58-4838-B6B4-6F9D9D232EC5}.AppStore|Any CPU.ActiveCfg = Release|Any CPU
		{C5BCCF93-1D58-4838-B6B4-6F9D9D232EC5}.AppStore|Any CPU.Build.0 = Release|Any CPU
		{C5BCCF93-1D58-4838-B6B4-6F9D9D232EC5}.AppStore|ARM.ActiveCfg = Release|Any CPU
		{C5BCCF93-1D58-4838-B6B4-6F9D9D232EC5}.AppStore|ARM.Build.0 = Release|Any CPU
		{C5BCCF93-1D58-4838-B6B4-6F9D9D232EC5}.AppStore|iPhone.ActiveCfg = Release|Any CPU
		{C5BCCF93-1D58-4838-B6B4-6F9D9D232EC5}.AppStore|iPhone.Build.0 = Release|Any CPU
		{C5BCCF93-1D58-4838-B6B4-6F9D9D232EC5}.AppStore|iPhoneSimulator.ActiveCfg = Release|Any CPU
		{C5BCCF93-1D58-4838-B6B4-6F9D9D232EC5}.AppStore|iPhoneSimulator.Build.0 = Release|Any CPU
		{C5BCCF93-1D58-4838-B6B4-6F9D9D232EC5}.AppStore|x64.ActiveCfg = Release|Any CPU
		{C5BCCF93-1D58-4838-B6B4-6F9D9D232EC5}.AppStore|x64.Build.0 = Release|Any CPU
		{C5BCCF93-1D58-4838-B6B4-6F9D9D232EC5}.AppStore|x86.ActiveCfg = Release|Any CPU
		{C5BCCF93-1D58-4838-B6B4-6F9D9D232EC5}.AppStore|x86.Build.0 = Release|Any CPU
		{C5BCCF93-1D58-4838-B6B4-6F9D9D232EC5}.Debug|Any CPU.ActiveCfg = Debug|Any CPU
		{C5BCCF93-1D58-4838-B6B4-6F9D9D232EC5}.Debug|Any CPU.Build.0 = Debug|Any CPU
		{C5BCCF93-1D58-4838-B6B4-6F9D9D232EC5}.Debug|ARM.ActiveCfg = Debug|Any CPU
		{C5BCCF93-1D58-4838-B6B4-6F9D9D232EC5}.Debug|ARM.Build.0 = Debug|Any CPU
		{C5BCCF93-1D58-4838-B6B4-6F9D9D232EC5}.Debug|iPhone.ActiveCfg = Debug|Any CPU
		{C5BCCF93-1D58-4838-B6B4-6F9D9D232EC5}.Debug|iPhone.Build.0 = Debug|Any CPU
		{C5BCCF93-1D58-4838-B6B4-6F9D9D232EC5}.Debug|iPhoneSimulator.ActiveCfg = Debug|Any CPU
		{C5BCCF93-1D58-4838-B6B4-6F9D9D232EC5}.Debug|iPhoneSimulator.Build.0 = Debug|Any CPU
		{C5BCCF93-1D58-4838-B6B4-6F9D9D232EC5}.Debug|x64.ActiveCfg = Debug|Any CPU
		{C5BCCF93-1D58-4838-B6B4-6F9D9D232EC5}.Debug|x64.Build.0 = Debug|Any CPU
		{C5BCCF93-1D58-4838-B6B4-6F9D9D232EC5}.Debug|x86.ActiveCfg = Debug|Any CPU
		{C5BCCF93-1D58-4838-B6B4-6F9D9D232EC5}.Debug|x86.Build.0 = Debug|Any CPU
		{C5BCCF93-1D58-4838-B6B4-6F9D9D232EC5}.Release|Any CPU.ActiveCfg = Release|Any CPU
		{C5BCCF93-1D58-4838-B6B4-6F9D9D232EC5}.Release|Any CPU.Build.0 = Release|Any CPU
		{C5BCCF93-1D58-4838-B6B4-6F9D9D232EC5}.Release|ARM.ActiveCfg = Release|Any CPU
		{C5BCCF93-1D58-4838-B6B4-6F9D9D232EC5}.Release|ARM.Build.0 = Release|Any CPU
		{C5BCCF93-1D58-4838-B6B4-6F9D9D232EC5}.Release|iPhone.ActiveCfg = Release|Any CPU
		{C5BCCF93-1D58-4838-B6B4-6F9D9D232EC5}.Release|iPhone.Build.0 = Release|Any CPU
		{C5BCCF93-1D58-4838-B6B4-6F9D9D232EC5}.Release|iPhoneSimulator.ActiveCfg = Release|Any CPU
		{C5BCCF93-1D58-4838-B6B4-6F9D9D232EC5}.Release|iPhoneSimulator.Build.0 = Release|Any CPU
		{C5BCCF93-1D58-4838-B6B4-6F9D9D232EC5}.Release|x64.ActiveCfg = Release|Any CPU
		{C5BCCF93-1D58-4838-B6B4-6F9D9D232EC5}.Release|x64.Build.0 = Release|Any CPU
		{C5BCCF93-1D58-4838-B6B4-6F9D9D232EC5}.Release|x86.ActiveCfg = Release|Any CPU
		{C5BCCF93-1D58-4838-B6B4-6F9D9D232EC5}.Release|x86.Build.0 = Release|Any CPU
		{E68D035D-D4C0-48E5-B6A9-C2A2C833B167}.Ad-Hoc|Any CPU.ActiveCfg = Release|Any CPU
		{E68D035D-D4C0-48E5-B6A9-C2A2C833B167}.Ad-Hoc|Any CPU.Build.0 = Release|Any CPU
		{E68D035D-D4C0-48E5-B6A9-C2A2C833B167}.Ad-Hoc|ARM.ActiveCfg = Release|Any CPU
		{E68D035D-D4C0-48E5-B6A9-C2A2C833B167}.Ad-Hoc|ARM.Build.0 = Release|Any CPU
		{E68D035D-D4C0-48E5-B6A9-C2A2C833B167}.Ad-Hoc|iPhone.ActiveCfg = Release|Any CPU
		{E68D035D-D4C0-48E5-B6A9-C2A2C833B167}.Ad-Hoc|iPhone.Build.0 = Release|Any CPU
		{E68D035D-D4C0-48E5-B6A9-C2A2C833B167}.Ad-Hoc|iPhoneSimulator.ActiveCfg = Release|Any CPU
		{E68D035D-D4C0-48E5-B6A9-C2A2C833B167}.Ad-Hoc|iPhoneSimulator.Build.0 = Release|Any CPU
		{E68D035D-D4C0-48E5-B6A9-C2A2C833B167}.Ad-Hoc|x64.ActiveCfg = Release|Any CPU
		{E68D035D-D4C0-48E5-B6A9-C2A2C833B167}.Ad-Hoc|x64.Build.0 = Release|Any CPU
		{E68D035D-D4C0-48E5-B6A9-C2A2C833B167}.Ad-Hoc|x86.ActiveCfg = Release|Any CPU
		{E68D035D-D4C0-48E5-B6A9-C2A2C833B167}.Ad-Hoc|x86.Build.0 = Release|Any CPU
		{E68D035D-D4C0-48E5-B6A9-C2A2C833B167}.AppStore|Any CPU.ActiveCfg = Release|Any CPU
		{E68D035D-D4C0-48E5-B6A9-C2A2C833B167}.AppStore|Any CPU.Build.0 = Release|Any CPU
		{E68D035D-D4C0-48E5-B6A9-C2A2C833B167}.AppStore|ARM.ActiveCfg = Release|Any CPU
		{E68D035D-D4C0-48E5-B6A9-C2A2C833B167}.AppStore|ARM.Build.0 = Release|Any CPU
		{E68D035D-D4C0-48E5-B6A9-C2A2C833B167}.AppStore|iPhone.ActiveCfg = Release|Any CPU
		{E68D035D-D4C0-48E5-B6A9-C2A2C833B167}.AppStore|iPhone.Build.0 = Release|Any CPU
		{E68D035D-D4C0-48E5-B6A9-C2A2C833B167}.AppStore|iPhoneSimulator.ActiveCfg = Release|Any CPU
		{E68D035D-D4C0-48E5-B6A9-C2A2C833B167}.AppStore|iPhoneSimulator.Build.0 = Release|Any CPU
		{E68D035D-D4C0-48E5-B6A9-C2A2C833B167}.AppStore|x64.ActiveCfg = Release|Any CPU
		{E68D035D-D4C0-48E5-B6A9-C2A2C833B167}.AppStore|x64.Build.0 = Release|Any CPU
		{E68D035D-D4C0-48E5-B6A9-C2A2C833B167}.AppStore|x86.ActiveCfg = Release|Any CPU
		{E68D035D-D4C0-48E5-B6A9-C2A2C833B167}.AppStore|x86.Build.0 = Release|Any CPU
		{E68D035D-D4C0-48E5-B6A9-C2A2C833B167}.Debug|Any CPU.ActiveCfg = Debug|Any CPU
		{E68D035D-D4C0-48E5-B6A9-C2A2C833B167}.Debug|Any CPU.Build.0 = Debug|Any CPU
		{E68D035D-D4C0-48E5-B6A9-C2A2C833B167}.Debug|ARM.ActiveCfg = Debug|Any CPU
		{E68D035D-D4C0-48E5-B6A9-C2A2C833B167}.Debug|ARM.Build.0 = Debug|Any CPU
		{E68D035D-D4C0-48E5-B6A9-C2A2C833B167}.Debug|iPhone.ActiveCfg = Debug|Any CPU
		{E68D035D-D4C0-48E5-B6A9-C2A2C833B167}.Debug|iPhone.Build.0 = Debug|Any CPU
		{E68D035D-D4C0-48E5-B6A9-C2A2C833B167}.Debug|iPhoneSimulator.ActiveCfg = Debug|Any CPU
		{E68D035D-D4C0-48E5-B6A9-C2A2C833B167}.Debug|iPhoneSimulator.Build.0 = Debug|Any CPU
		{E68D035D-D4C0-48E5-B6A9-C2A2C833B167}.Debug|x64.ActiveCfg = Debug|Any CPU
		{E68D035D-D4C0-48E5-B6A9-C2A2C833B167}.Debug|x64.Build.0 = Debug|Any CPU
		{E68D035D-D4C0-48E5-B6A9-C2A2C833B167}.Debug|x86.ActiveCfg = Debug|Any CPU
		{E68D035D-D4C0-48E5-B6A9-C2A2C833B167}.Debug|x86.Build.0 = Debug|Any CPU
		{E68D035D-D4C0-48E5-B6A9-C2A2C833B167}.Release|Any CPU.ActiveCfg = Release|Any CPU
		{E68D035D-D4C0-48E5-B6A9-C2A2C833B167}.Release|Any CPU.Build.0 = Release|Any CPU
		{E68D035D-D4C0-48E5-B6A9-C2A2C833B167}.Release|ARM.ActiveCfg = Release|Any CPU
		{E68D035D-D4C0-48E5-B6A9-C2A2C833B167}.Release|ARM.Build.0 = Release|Any CPU
		{E68D035D-D4C0-48E5-B6A9-C2A2C833B167}.Release|iPhone.ActiveCfg = Release|Any CPU
		{E68D035D-D4C0-48E5-B6A9-C2A2C833B167}.Release|iPhone.Build.0 = Release|Any CPU
		{E68D035D-D4C0-48E5-B6A9-C2A2C833B167}.Release|iPhoneSimulator.ActiveCfg = Release|Any CPU
		{E68D035D-D4C0-48E5-B6A9-C2A2C833B167}.Release|iPhoneSimulator.Build.0 = Release|Any CPU
		{E68D035D-D4C0-48E5-B6A9-C2A2C833B167}.Release|x64.ActiveCfg = Release|Any CPU
		{E68D035D-D4C0-48E5-B6A9-C2A2C833B167}.Release|x64.Build.0 = Release|Any CPU
		{E68D035D-D4C0-48E5-B6A9-C2A2C833B167}.Release|x86.ActiveCfg = Release|Any CPU
		{E68D035D-D4C0-48E5-B6A9-C2A2C833B167}.Release|x86.Build.0 = Release|Any CPU
		{0D1E84BC-8253-46EF-B55B-E00BBD774B52}.Ad-Hoc|Any CPU.ActiveCfg = Release|Any CPU
		{0D1E84BC-8253-46EF-B55B-E00BBD774B52}.Ad-Hoc|Any CPU.Build.0 = Release|Any CPU
		{0D1E84BC-8253-46EF-B55B-E00BBD774B52}.Ad-Hoc|ARM.ActiveCfg = Release|Any CPU
		{0D1E84BC-8253-46EF-B55B-E00BBD774B52}.Ad-Hoc|ARM.Build.0 = Release|Any CPU
		{0D1E84BC-8253-46EF-B55B-E00BBD774B52}.Ad-Hoc|iPhone.ActiveCfg = Release|Any CPU
		{0D1E84BC-8253-46EF-B55B-E00BBD774B52}.Ad-Hoc|iPhone.Build.0 = Release|Any CPU
		{0D1E84BC-8253-46EF-B55B-E00BBD774B52}.Ad-Hoc|iPhoneSimulator.ActiveCfg = Release|Any CPU
		{0D1E84BC-8253-46EF-B55B-E00BBD774B52}.Ad-Hoc|iPhoneSimulator.Build.0 = Release|Any CPU
		{0D1E84BC-8253-46EF-B55B-E00BBD774B52}.Ad-Hoc|x64.ActiveCfg = Release|Any CPU
		{0D1E84BC-8253-46EF-B55B-E00BBD774B52}.Ad-Hoc|x64.Build.0 = Release|Any CPU
		{0D1E84BC-8253-46EF-B55B-E00BBD774B52}.Ad-Hoc|x86.ActiveCfg = Release|Any CPU
		{0D1E84BC-8253-46EF-B55B-E00BBD774B52}.Ad-Hoc|x86.Build.0 = Release|Any CPU
		{0D1E84BC-8253-46EF-B55B-E00BBD774B52}.AppStore|Any CPU.ActiveCfg = Release|Any CPU
		{0D1E84BC-8253-46EF-B55B-E00BBD774B52}.AppStore|Any CPU.Build.0 = Release|Any CPU
		{0D1E84BC-8253-46EF-B55B-E00BBD774B52}.AppStore|ARM.ActiveCfg = Release|Any CPU
		{0D1E84BC-8253-46EF-B55B-E00BBD774B52}.AppStore|ARM.Build.0 = Release|Any CPU
		{0D1E84BC-8253-46EF-B55B-E00BBD774B52}.AppStore|iPhone.ActiveCfg = Release|Any CPU
		{0D1E84BC-8253-46EF-B55B-E00BBD774B52}.AppStore|iPhone.Build.0 = Release|Any CPU
		{0D1E84BC-8253-46EF-B55B-E00BBD774B52}.AppStore|iPhoneSimulator.ActiveCfg = Release|Any CPU
		{0D1E84BC-8253-46EF-B55B-E00BBD774B52}.AppStore|iPhoneSimulator.Build.0 = Release|Any CPU
		{0D1E84BC-8253-46EF-B55B-E00BBD774B52}.AppStore|x64.ActiveCfg = Release|Any CPU
		{0D1E84BC-8253-46EF-B55B-E00BBD774B52}.AppStore|x64.Build.0 = Release|Any CPU
		{0D1E84BC-8253-46EF-B55B-E00BBD774B52}.AppStore|x86.ActiveCfg = Release|Any CPU
		{0D1E84BC-8253-46EF-B55B-E00BBD774B52}.AppStore|x86.Build.0 = Release|Any CPU
		{0D1E84BC-8253-46EF-B55B-E00BBD774B52}.Debug|Any CPU.ActiveCfg = Debug|Any CPU
		{0D1E84BC-8253-46EF-B55B-E00BBD774B52}.Debug|Any CPU.Build.0 = Debug|Any CPU
		{0D1E84BC-8253-46EF-B55B-E00BBD774B52}.Debug|ARM.ActiveCfg = Debug|Any CPU
		{0D1E84BC-8253-46EF-B55B-E00BBD774B52}.Debug|ARM.Build.0 = Debug|Any CPU
		{0D1E84BC-8253-46EF-B55B-E00BBD774B52}.Debug|iPhone.ActiveCfg = Debug|Any CPU
		{0D1E84BC-8253-46EF-B55B-E00BBD774B52}.Debug|iPhone.Build.0 = Debug|Any CPU
		{0D1E84BC-8253-46EF-B55B-E00BBD774B52}.Debug|iPhoneSimulator.ActiveCfg = Debug|Any CPU
		{0D1E84BC-8253-46EF-B55B-E00BBD774B52}.Debug|iPhoneSimulator.Build.0 = Debug|Any CPU
		{0D1E84BC-8253-46EF-B55B-E00BBD774B52}.Debug|x64.ActiveCfg = Debug|Any CPU
		{0D1E84BC-8253-46EF-B55B-E00BBD774B52}.Debug|x64.Build.0 = Debug|Any CPU
		{0D1E84BC-8253-46EF-B55B-E00BBD774B52}.Debug|x86.ActiveCfg = Debug|Any CPU
		{0D1E84BC-8253-46EF-B55B-E00BBD774B52}.Debug|x86.Build.0 = Debug|Any CPU
		{0D1E84BC-8253-46EF-B55B-E00BBD774B52}.Release|Any CPU.ActiveCfg = Release|Any CPU
		{0D1E84BC-8253-46EF-B55B-E00BBD774B52}.Release|Any CPU.Build.0 = Release|Any CPU
		{0D1E84BC-8253-46EF-B55B-E00BBD774B52}.Release|ARM.ActiveCfg = Release|Any CPU
		{0D1E84BC-8253-46EF-B55B-E00BBD774B52}.Release|ARM.Build.0 = Release|Any CPU
		{0D1E84BC-8253-46EF-B55B-E00BBD774B52}.Release|iPhone.ActiveCfg = Release|Any CPU
		{0D1E84BC-8253-46EF-B55B-E00BBD774B52}.Release|iPhone.Build.0 = Release|Any CPU
		{0D1E84BC-8253-46EF-B55B-E00BBD774B52}.Release|iPhoneSimulator.ActiveCfg = Release|Any CPU
		{0D1E84BC-8253-46EF-B55B-E00BBD774B52}.Release|iPhoneSimulator.Build.0 = Release|Any CPU
		{0D1E84BC-8253-46EF-B55B-E00BBD774B52}.Release|x64.ActiveCfg = Release|Any CPU
		{0D1E84BC-8253-46EF-B55B-E00BBD774B52}.Release|x64.Build.0 = Release|Any CPU
		{0D1E84BC-8253-46EF-B55B-E00BBD774B52}.Release|x86.ActiveCfg = Release|Any CPU
		{0D1E84BC-8253-46EF-B55B-E00BBD774B52}.Release|x86.Build.0 = Release|Any CPU
		{55F4CF78-F192-4A7E-9DCE-66944D3ABBC0}.Ad-Hoc|Any CPU.ActiveCfg = Release|Any CPU
		{55F4CF78-F192-4A7E-9DCE-66944D3ABBC0}.Ad-Hoc|Any CPU.Build.0 = Release|Any CPU
		{55F4CF78-F192-4A7E-9DCE-66944D3ABBC0}.Ad-Hoc|ARM.ActiveCfg = Release|Any CPU
		{55F4CF78-F192-4A7E-9DCE-66944D3ABBC0}.Ad-Hoc|ARM.Build.0 = Release|Any CPU
		{55F4CF78-F192-4A7E-9DCE-66944D3ABBC0}.Ad-Hoc|iPhone.ActiveCfg = Release|Any CPU
		{55F4CF78-F192-4A7E-9DCE-66944D3ABBC0}.Ad-Hoc|iPhone.Build.0 = Release|Any CPU
		{55F4CF78-F192-4A7E-9DCE-66944D3ABBC0}.Ad-Hoc|iPhoneSimulator.ActiveCfg = Release|Any CPU
		{55F4CF78-F192-4A7E-9DCE-66944D3ABBC0}.Ad-Hoc|iPhoneSimulator.Build.0 = Release|Any CPU
		{55F4CF78-F192-4A7E-9DCE-66944D3ABBC0}.Ad-Hoc|x64.ActiveCfg = Release|Any CPU
		{55F4CF78-F192-4A7E-9DCE-66944D3ABBC0}.Ad-Hoc|x64.Build.0 = Release|Any CPU
		{55F4CF78-F192-4A7E-9DCE-66944D3ABBC0}.Ad-Hoc|x86.ActiveCfg = Release|Any CPU
		{55F4CF78-F192-4A7E-9DCE-66944D3ABBC0}.Ad-Hoc|x86.Build.0 = Release|Any CPU
		{55F4CF78-F192-4A7E-9DCE-66944D3ABBC0}.AppStore|Any CPU.ActiveCfg = Release|Any CPU
		{55F4CF78-F192-4A7E-9DCE-66944D3ABBC0}.AppStore|Any CPU.Build.0 = Release|Any CPU
		{55F4CF78-F192-4A7E-9DCE-66944D3ABBC0}.AppStore|ARM.ActiveCfg = Release|Any CPU
		{55F4CF78-F192-4A7E-9DCE-66944D3ABBC0}.AppStore|ARM.Build.0 = Release|Any CPU
		{55F4CF78-F192-4A7E-9DCE-66944D3ABBC0}.AppStore|iPhone.ActiveCfg = Release|Any CPU
		{55F4CF78-F192-4A7E-9DCE-66944D3ABBC0}.AppStore|iPhone.Build.0 = Release|Any CPU
		{55F4CF78-F192-4A7E-9DCE-66944D3ABBC0}.AppStore|iPhoneSimulator.ActiveCfg = Release|Any CPU
		{55F4CF78-F192-4A7E-9DCE-66944D3ABBC0}.AppStore|iPhoneSimulator.Build.0 = Release|Any CPU
		{55F4CF78-F192-4A7E-9DCE-66944D3ABBC0}.AppStore|x64.ActiveCfg = Release|Any CPU
		{55F4CF78-F192-4A7E-9DCE-66944D3ABBC0}.AppStore|x64.Build.0 = Release|Any CPU
		{55F4CF78-F192-4A7E-9DCE-66944D3ABBC0}.AppStore|x86.ActiveCfg = Release|Any CPU
		{55F4CF78-F192-4A7E-9DCE-66944D3ABBC0}.AppStore|x86.Build.0 = Release|Any CPU
		{55F4CF78-F192-4A7E-9DCE-66944D3ABBC0}.Debug|Any CPU.ActiveCfg = Debug|Any CPU
		{55F4CF78-F192-4A7E-9DCE-66944D3ABBC0}.Debug|Any CPU.Build.0 = Debug|Any CPU
		{55F4CF78-F192-4A7E-9DCE-66944D3ABBC0}.Debug|ARM.ActiveCfg = Debug|Any CPU
		{55F4CF78-F192-4A7E-9DCE-66944D3ABBC0}.Debug|ARM.Build.0 = Debug|Any CPU
		{55F4CF78-F192-4A7E-9DCE-66944D3ABBC0}.Debug|iPhone.ActiveCfg = Debug|Any CPU
		{55F4CF78-F192-4A7E-9DCE-66944D3ABBC0}.Debug|iPhone.Build.0 = Debug|Any CPU
		{55F4CF78-F192-4A7E-9DCE-66944D3ABBC0}.Debug|iPhoneSimulator.ActiveCfg = Debug|Any CPU
		{55F4CF78-F192-4A7E-9DCE-66944D3ABBC0}.Debug|iPhoneSimulator.Build.0 = Debug|Any CPU
		{55F4CF78-F192-4A7E-9DCE-66944D3ABBC0}.Debug|x64.ActiveCfg = Debug|Any CPU
		{55F4CF78-F192-4A7E-9DCE-66944D3ABBC0}.Debug|x64.Build.0 = Debug|Any CPU
		{55F4CF78-F192-4A7E-9DCE-66944D3ABBC0}.Debug|x86.ActiveCfg = Debug|Any CPU
		{55F4CF78-F192-4A7E-9DCE-66944D3ABBC0}.Debug|x86.Build.0 = Debug|Any CPU
		{55F4CF78-F192-4A7E-9DCE-66944D3ABBC0}.Release|Any CPU.ActiveCfg = Release|Any CPU
		{55F4CF78-F192-4A7E-9DCE-66944D3ABBC0}.Release|Any CPU.Build.0 = Release|Any CPU
		{55F4CF78-F192-4A7E-9DCE-66944D3ABBC0}.Release|ARM.ActiveCfg = Release|Any CPU
		{55F4CF78-F192-4A7E-9DCE-66944D3ABBC0}.Release|ARM.Build.0 = Release|Any CPU
		{55F4CF78-F192-4A7E-9DCE-66944D3ABBC0}.Release|iPhone.ActiveCfg = Release|Any CPU
		{55F4CF78-F192-4A7E-9DCE-66944D3ABBC0}.Release|iPhone.Build.0 = Release|Any CPU
		{55F4CF78-F192-4A7E-9DCE-66944D3ABBC0}.Release|iPhoneSimulator.ActiveCfg = Release|Any CPU
		{55F4CF78-F192-4A7E-9DCE-66944D3ABBC0}.Release|iPhoneSimulator.Build.0 = Release|Any CPU
		{55F4CF78-F192-4A7E-9DCE-66944D3ABBC0}.Release|x64.ActiveCfg = Release|Any CPU
		{55F4CF78-F192-4A7E-9DCE-66944D3ABBC0}.Release|x64.Build.0 = Release|Any CPU
		{55F4CF78-F192-4A7E-9DCE-66944D3ABBC0}.Release|x86.ActiveCfg = Release|Any CPU
		{55F4CF78-F192-4A7E-9DCE-66944D3ABBC0}.Release|x86.Build.0 = Release|Any CPU
		{459B00BF-1CF7-44AA-950B-27483C032C2D}.Ad-Hoc|Any CPU.ActiveCfg = Release|Any CPU
		{459B00BF-1CF7-44AA-950B-27483C032C2D}.Ad-Hoc|Any CPU.Build.0 = Release|Any CPU
		{459B00BF-1CF7-44AA-950B-27483C032C2D}.Ad-Hoc|ARM.ActiveCfg = Release|Any CPU
		{459B00BF-1CF7-44AA-950B-27483C032C2D}.Ad-Hoc|ARM.Build.0 = Release|Any CPU
		{459B00BF-1CF7-44AA-950B-27483C032C2D}.Ad-Hoc|iPhone.ActiveCfg = Release|Any CPU
		{459B00BF-1CF7-44AA-950B-27483C032C2D}.Ad-Hoc|iPhone.Build.0 = Release|Any CPU
		{459B00BF-1CF7-44AA-950B-27483C032C2D}.Ad-Hoc|iPhoneSimulator.ActiveCfg = Release|Any CPU
		{459B00BF-1CF7-44AA-950B-27483C032C2D}.Ad-Hoc|iPhoneSimulator.Build.0 = Release|Any CPU
		{459B00BF-1CF7-44AA-950B-27483C032C2D}.Ad-Hoc|x64.ActiveCfg = Release|Any CPU
		{459B00BF-1CF7-44AA-950B-27483C032C2D}.Ad-Hoc|x64.Build.0 = Release|Any CPU
		{459B00BF-1CF7-44AA-950B-27483C032C2D}.Ad-Hoc|x86.ActiveCfg = Release|Any CPU
		{459B00BF-1CF7-44AA-950B-27483C032C2D}.Ad-Hoc|x86.Build.0 = Release|Any CPU
		{459B00BF-1CF7-44AA-950B-27483C032C2D}.AppStore|Any CPU.ActiveCfg = Release|Any CPU
		{459B00BF-1CF7-44AA-950B-27483C032C2D}.AppStore|Any CPU.Build.0 = Release|Any CPU
		{459B00BF-1CF7-44AA-950B-27483C032C2D}.AppStore|ARM.ActiveCfg = Release|Any CPU
		{459B00BF-1CF7-44AA-950B-27483C032C2D}.AppStore|ARM.Build.0 = Release|Any CPU
		{459B00BF-1CF7-44AA-950B-27483C032C2D}.AppStore|iPhone.ActiveCfg = Release|Any CPU
		{459B00BF-1CF7-44AA-950B-27483C032C2D}.AppStore|iPhone.Build.0 = Release|Any CPU
		{459B00BF-1CF7-44AA-950B-27483C032C2D}.AppStore|iPhoneSimulator.ActiveCfg = Release|Any CPU
		{459B00BF-1CF7-44AA-950B-27483C032C2D}.AppStore|iPhoneSimulator.Build.0 = Release|Any CPU
		{459B00BF-1CF7-44AA-950B-27483C032C2D}.AppStore|x64.ActiveCfg = Release|Any CPU
		{459B00BF-1CF7-44AA-950B-27483C032C2D}.AppStore|x64.Build.0 = Release|Any CPU
		{459B00BF-1CF7-44AA-950B-27483C032C2D}.AppStore|x86.ActiveCfg = Release|Any CPU
		{459B00BF-1CF7-44AA-950B-27483C032C2D}.AppStore|x86.Build.0 = Release|Any CPU
		{459B00BF-1CF7-44AA-950B-27483C032C2D}.Debug|Any CPU.ActiveCfg = Debug|Any CPU
		{459B00BF-1CF7-44AA-950B-27483C032C2D}.Debug|Any CPU.Build.0 = Debug|Any CPU
		{459B00BF-1CF7-44AA-950B-27483C032C2D}.Debug|ARM.ActiveCfg = Debug|Any CPU
		{459B00BF-1CF7-44AA-950B-27483C032C2D}.Debug|ARM.Build.0 = Debug|Any CPU
		{459B00BF-1CF7-44AA-950B-27483C032C2D}.Debug|iPhone.ActiveCfg = Debug|Any CPU
		{459B00BF-1CF7-44AA-950B-27483C032C2D}.Debug|iPhone.Build.0 = Debug|Any CPU
		{459B00BF-1CF7-44AA-950B-27483C032C2D}.Debug|iPhoneSimulator.ActiveCfg = Debug|Any CPU
		{459B00BF-1CF7-44AA-950B-27483C032C2D}.Debug|iPhoneSimulator.Build.0 = Debug|Any CPU
		{459B00BF-1CF7-44AA-950B-27483C032C2D}.Debug|x64.ActiveCfg = Debug|Any CPU
		{459B00BF-1CF7-44AA-950B-27483C032C2D}.Debug|x64.Build.0 = Debug|Any CPU
		{459B00BF-1CF7-44AA-950B-27483C032C2D}.Debug|x86.ActiveCfg = Debug|Any CPU
		{459B00BF-1CF7-44AA-950B-27483C032C2D}.Debug|x86.Build.0 = Debug|Any CPU
		{459B00BF-1CF7-44AA-950B-27483C032C2D}.Release|Any CPU.ActiveCfg = Release|Any CPU
		{459B00BF-1CF7-44AA-950B-27483C032C2D}.Release|Any CPU.Build.0 = Release|Any CPU
		{459B00BF-1CF7-44AA-950B-27483C032C2D}.Release|ARM.ActiveCfg = Release|Any CPU
		{459B00BF-1CF7-44AA-950B-27483C032C2D}.Release|ARM.Build.0 = Release|Any CPU
		{459B00BF-1CF7-44AA-950B-27483C032C2D}.Release|iPhone.ActiveCfg = Release|Any CPU
		{459B00BF-1CF7-44AA-950B-27483C032C2D}.Release|iPhone.Build.0 = Release|Any CPU
		{459B00BF-1CF7-44AA-950B-27483C032C2D}.Release|iPhoneSimulator.ActiveCfg = Release|Any CPU
		{459B00BF-1CF7-44AA-950B-27483C032C2D}.Release|iPhoneSimulator.Build.0 = Release|Any CPU
		{459B00BF-1CF7-44AA-950B-27483C032C2D}.Release|x64.ActiveCfg = Release|Any CPU
		{459B00BF-1CF7-44AA-950B-27483C032C2D}.Release|x64.Build.0 = Release|Any CPU
		{459B00BF-1CF7-44AA-950B-27483C032C2D}.Release|x86.ActiveCfg = Release|Any CPU
		{459B00BF-1CF7-44AA-950B-27483C032C2D}.Release|x86.Build.0 = Release|Any CPU
		{4FECE5FF-399C-4814-9830-E4D69D3AE83A}.Ad-Hoc|Any CPU.ActiveCfg = Release|Any CPU
		{4FECE5FF-399C-4814-9830-E4D69D3AE83A}.Ad-Hoc|Any CPU.Build.0 = Release|Any CPU
		{4FECE5FF-399C-4814-9830-E4D69D3AE83A}.Ad-Hoc|ARM.ActiveCfg = Release|Any CPU
		{4FECE5FF-399C-4814-9830-E4D69D3AE83A}.Ad-Hoc|ARM.Build.0 = Release|Any CPU
		{4FECE5FF-399C-4814-9830-E4D69D3AE83A}.Ad-Hoc|iPhone.ActiveCfg = Release|Any CPU
		{4FECE5FF-399C-4814-9830-E4D69D3AE83A}.Ad-Hoc|iPhone.Build.0 = Release|Any CPU
		{4FECE5FF-399C-4814-9830-E4D69D3AE83A}.Ad-Hoc|iPhoneSimulator.ActiveCfg = Release|Any CPU
		{4FECE5FF-399C-4814-9830-E4D69D3AE83A}.Ad-Hoc|iPhoneSimulator.Build.0 = Release|Any CPU
		{4FECE5FF-399C-4814-9830-E4D69D3AE83A}.Ad-Hoc|x64.ActiveCfg = Release|Any CPU
		{4FECE5FF-399C-4814-9830-E4D69D3AE83A}.Ad-Hoc|x64.Build.0 = Release|Any CPU
		{4FECE5FF-399C-4814-9830-E4D69D3AE83A}.Ad-Hoc|x86.ActiveCfg = Release|Any CPU
		{4FECE5FF-399C-4814-9830-E4D69D3AE83A}.Ad-Hoc|x86.Build.0 = Release|Any CPU
		{4FECE5FF-399C-4814-9830-E4D69D3AE83A}.AppStore|Any CPU.ActiveCfg = Release|Any CPU
		{4FECE5FF-399C-4814-9830-E4D69D3AE83A}.AppStore|Any CPU.Build.0 = Release|Any CPU
		{4FECE5FF-399C-4814-9830-E4D69D3AE83A}.AppStore|ARM.ActiveCfg = Release|Any CPU
		{4FECE5FF-399C-4814-9830-E4D69D3AE83A}.AppStore|ARM.Build.0 = Release|Any CPU
		{4FECE5FF-399C-4814-9830-E4D69D3AE83A}.AppStore|iPhone.ActiveCfg = Release|Any CPU
		{4FECE5FF-399C-4814-9830-E4D69D3AE83A}.AppStore|iPhone.Build.0 = Release|Any CPU
		{4FECE5FF-399C-4814-9830-E4D69D3AE83A}.AppStore|iPhoneSimulator.ActiveCfg = Release|Any CPU
		{4FECE5FF-399C-4814-9830-E4D69D3AE83A}.AppStore|iPhoneSimulator.Build.0 = Release|Any CPU
		{4FECE5FF-399C-4814-9830-E4D69D3AE83A}.AppStore|x64.ActiveCfg = Release|Any CPU
		{4FECE5FF-399C-4814-9830-E4D69D3AE83A}.AppStore|x64.Build.0 = Release|Any CPU
		{4FECE5FF-399C-4814-9830-E4D69D3AE83A}.AppStore|x86.ActiveCfg = Release|Any CPU
		{4FECE5FF-399C-4814-9830-E4D69D3AE83A}.AppStore|x86.Build.0 = Release|Any CPU
		{4FECE5FF-399C-4814-9830-E4D69D3AE83A}.Debug|Any CPU.ActiveCfg = Debug|Any CPU
		{4FECE5FF-399C-4814-9830-E4D69D3AE83A}.Debug|Any CPU.Build.0 = Debug|Any CPU
		{4FECE5FF-399C-4814-9830-E4D69D3AE83A}.Debug|ARM.ActiveCfg = Debug|Any CPU
		{4FECE5FF-399C-4814-9830-E4D69D3AE83A}.Debug|ARM.Build.0 = Debug|Any CPU
		{4FECE5FF-399C-4814-9830-E4D69D3AE83A}.Debug|iPhone.ActiveCfg = Debug|Any CPU
		{4FECE5FF-399C-4814-9830-E4D69D3AE83A}.Debug|iPhone.Build.0 = Debug|Any CPU
		{4FECE5FF-399C-4814-9830-E4D69D3AE83A}.Debug|iPhoneSimulator.ActiveCfg = Debug|Any CPU
		{4FECE5FF-399C-4814-9830-E4D69D3AE83A}.Debug|iPhoneSimulator.Build.0 = Debug|Any CPU
		{4FECE5FF-399C-4814-9830-E4D69D3AE83A}.Debug|x64.ActiveCfg = Debug|Any CPU
		{4FECE5FF-399C-4814-9830-E4D69D3AE83A}.Debug|x64.Build.0 = Debug|Any CPU
		{4FECE5FF-399C-4814-9830-E4D69D3AE83A}.Debug|x86.ActiveCfg = Debug|Any CPU
		{4FECE5FF-399C-4814-9830-E4D69D3AE83A}.Debug|x86.Build.0 = Debug|Any CPU
		{4FECE5FF-399C-4814-9830-E4D69D3AE83A}.Release|Any CPU.ActiveCfg = Release|Any CPU
		{4FECE5FF-399C-4814-9830-E4D69D3AE83A}.Release|Any CPU.Build.0 = Release|Any CPU
		{4FECE5FF-399C-4814-9830-E4D69D3AE83A}.Release|ARM.ActiveCfg = Release|Any CPU
		{4FECE5FF-399C-4814-9830-E4D69D3AE83A}.Release|ARM.Build.0 = Release|Any CPU
		{4FECE5FF-399C-4814-9830-E4D69D3AE83A}.Release|iPhone.ActiveCfg = Release|Any CPU
		{4FECE5FF-399C-4814-9830-E4D69D3AE83A}.Release|iPhone.Build.0 = Release|Any CPU
		{4FECE5FF-399C-4814-9830-E4D69D3AE83A}.Release|iPhoneSimulator.ActiveCfg = Release|Any CPU
		{4FECE5FF-399C-4814-9830-E4D69D3AE83A}.Release|iPhoneSimulator.Build.0 = Release|Any CPU
		{4FECE5FF-399C-4814-9830-E4D69D3AE83A}.Release|x64.ActiveCfg = Release|Any CPU
		{4FECE5FF-399C-4814-9830-E4D69D3AE83A}.Release|x64.Build.0 = Release|Any CPU
		{4FECE5FF-399C-4814-9830-E4D69D3AE83A}.Release|x86.ActiveCfg = Release|Any CPU
		{4FECE5FF-399C-4814-9830-E4D69D3AE83A}.Release|x86.Build.0 = Release|Any CPU
		{89C1C0D0-874B-406B-B7AE-6EF49A8ED4D6}.Ad-Hoc|Any CPU.ActiveCfg = Release|Any CPU
		{89C1C0D0-874B-406B-B7AE-6EF49A8ED4D6}.Ad-Hoc|Any CPU.Build.0 = Release|Any CPU
		{89C1C0D0-874B-406B-B7AE-6EF49A8ED4D6}.Ad-Hoc|ARM.ActiveCfg = Release|Any CPU
		{89C1C0D0-874B-406B-B7AE-6EF49A8ED4D6}.Ad-Hoc|ARM.Build.0 = Release|Any CPU
		{89C1C0D0-874B-406B-B7AE-6EF49A8ED4D6}.Ad-Hoc|iPhone.ActiveCfg = Release|Any CPU
		{89C1C0D0-874B-406B-B7AE-6EF49A8ED4D6}.Ad-Hoc|iPhone.Build.0 = Release|Any CPU
		{89C1C0D0-874B-406B-B7AE-6EF49A8ED4D6}.Ad-Hoc|iPhoneSimulator.ActiveCfg = Release|Any CPU
		{89C1C0D0-874B-406B-B7AE-6EF49A8ED4D6}.Ad-Hoc|iPhoneSimulator.Build.0 = Release|Any CPU
		{89C1C0D0-874B-406B-B7AE-6EF49A8ED4D6}.Ad-Hoc|x64.ActiveCfg = Release|Any CPU
		{89C1C0D0-874B-406B-B7AE-6EF49A8ED4D6}.Ad-Hoc|x64.Build.0 = Release|Any CPU
		{89C1C0D0-874B-406B-B7AE-6EF49A8ED4D6}.Ad-Hoc|x86.ActiveCfg = Release|Any CPU
		{89C1C0D0-874B-406B-B7AE-6EF49A8ED4D6}.Ad-Hoc|x86.Build.0 = Release|Any CPU
		{89C1C0D0-874B-406B-B7AE-6EF49A8ED4D6}.AppStore|Any CPU.ActiveCfg = Release|Any CPU
		{89C1C0D0-874B-406B-B7AE-6EF49A8ED4D6}.AppStore|Any CPU.Build.0 = Release|Any CPU
		{89C1C0D0-874B-406B-B7AE-6EF49A8ED4D6}.AppStore|ARM.ActiveCfg = Release|Any CPU
		{89C1C0D0-874B-406B-B7AE-6EF49A8ED4D6}.AppStore|ARM.Build.0 = Release|Any CPU
		{89C1C0D0-874B-406B-B7AE-6EF49A8ED4D6}.AppStore|iPhone.ActiveCfg = Release|Any CPU
		{89C1C0D0-874B-406B-B7AE-6EF49A8ED4D6}.AppStore|iPhone.Build.0 = Release|Any CPU
		{89C1C0D0-874B-406B-B7AE-6EF49A8ED4D6}.AppStore|iPhoneSimulator.ActiveCfg = Release|Any CPU
		{89C1C0D0-874B-406B-B7AE-6EF49A8ED4D6}.AppStore|iPhoneSimulator.Build.0 = Release|Any CPU
		{89C1C0D0-874B-406B-B7AE-6EF49A8ED4D6}.AppStore|x64.ActiveCfg = Release|Any CPU
		{89C1C0D0-874B-406B-B7AE-6EF49A8ED4D6}.AppStore|x64.Build.0 = Release|Any CPU
		{89C1C0D0-874B-406B-B7AE-6EF49A8ED4D6}.AppStore|x86.ActiveCfg = Release|Any CPU
		{89C1C0D0-874B-406B-B7AE-6EF49A8ED4D6}.AppStore|x86.Build.0 = Release|Any CPU
		{89C1C0D0-874B-406B-B7AE-6EF49A8ED4D6}.Debug|Any CPU.ActiveCfg = Debug|Any CPU
		{89C1C0D0-874B-406B-B7AE-6EF49A8ED4D6}.Debug|Any CPU.Build.0 = Debug|Any CPU
		{89C1C0D0-874B-406B-B7AE-6EF49A8ED4D6}.Debug|ARM.ActiveCfg = Debug|Any CPU
		{89C1C0D0-874B-406B-B7AE-6EF49A8ED4D6}.Debug|ARM.Build.0 = Debug|Any CPU
		{89C1C0D0-874B-406B-B7AE-6EF49A8ED4D6}.Debug|iPhone.ActiveCfg = Debug|Any CPU
		{89C1C0D0-874B-406B-B7AE-6EF49A8ED4D6}.Debug|iPhone.Build.0 = Debug|Any CPU
		{89C1C0D0-874B-406B-B7AE-6EF49A8ED4D6}.Debug|iPhoneSimulator.ActiveCfg = Debug|Any CPU
		{89C1C0D0-874B-406B-B7AE-6EF49A8ED4D6}.Debug|iPhoneSimulator.Build.0 = Debug|Any CPU
		{89C1C0D0-874B-406B-B7AE-6EF49A8ED4D6}.Debug|x64.ActiveCfg = Debug|Any CPU
		{89C1C0D0-874B-406B-B7AE-6EF49A8ED4D6}.Debug|x64.Build.0 = Debug|Any CPU
		{89C1C0D0-874B-406B-B7AE-6EF49A8ED4D6}.Debug|x86.ActiveCfg = Debug|Any CPU
		{89C1C0D0-874B-406B-B7AE-6EF49A8ED4D6}.Debug|x86.Build.0 = Debug|Any CPU
		{89C1C0D0-874B-406B-B7AE-6EF49A8ED4D6}.Release|Any CPU.ActiveCfg = Release|Any CPU
		{89C1C0D0-874B-406B-B7AE-6EF49A8ED4D6}.Release|Any CPU.Build.0 = Release|Any CPU
		{89C1C0D0-874B-406B-B7AE-6EF49A8ED4D6}.Release|ARM.ActiveCfg = Release|Any CPU
		{89C1C0D0-874B-406B-B7AE-6EF49A8ED4D6}.Release|ARM.Build.0 = Release|Any CPU
		{89C1C0D0-874B-406B-B7AE-6EF49A8ED4D6}.Release|iPhone.ActiveCfg = Release|Any CPU
		{89C1C0D0-874B-406B-B7AE-6EF49A8ED4D6}.Release|iPhone.Build.0 = Release|Any CPU
		{89C1C0D0-874B-406B-B7AE-6EF49A8ED4D6}.Release|iPhoneSimulator.ActiveCfg = Release|Any CPU
		{89C1C0D0-874B-406B-B7AE-6EF49A8ED4D6}.Release|iPhoneSimulator.Build.0 = Release|Any CPU
		{89C1C0D0-874B-406B-B7AE-6EF49A8ED4D6}.Release|x64.ActiveCfg = Release|Any CPU
		{89C1C0D0-874B-406B-B7AE-6EF49A8ED4D6}.Release|x64.Build.0 = Release|Any CPU
		{89C1C0D0-874B-406B-B7AE-6EF49A8ED4D6}.Release|x86.ActiveCfg = Release|Any CPU
		{89C1C0D0-874B-406B-B7AE-6EF49A8ED4D6}.Release|x86.Build.0 = Release|Any CPU
		{22AD198D-8B6D-40B1-BA0C-05379EED9766}.Ad-Hoc|Any CPU.ActiveCfg = Release|Any CPU
		{22AD198D-8B6D-40B1-BA0C-05379EED9766}.Ad-Hoc|Any CPU.Build.0 = Release|Any CPU
		{22AD198D-8B6D-40B1-BA0C-05379EED9766}.Ad-Hoc|ARM.ActiveCfg = Release|Any CPU
		{22AD198D-8B6D-40B1-BA0C-05379EED9766}.Ad-Hoc|ARM.Build.0 = Release|Any CPU
		{22AD198D-8B6D-40B1-BA0C-05379EED9766}.Ad-Hoc|iPhone.ActiveCfg = Release|Any CPU
		{22AD198D-8B6D-40B1-BA0C-05379EED9766}.Ad-Hoc|iPhone.Build.0 = Release|Any CPU
		{22AD198D-8B6D-40B1-BA0C-05379EED9766}.Ad-Hoc|iPhoneSimulator.ActiveCfg = Release|Any CPU
		{22AD198D-8B6D-40B1-BA0C-05379EED9766}.Ad-Hoc|iPhoneSimulator.Build.0 = Release|Any CPU
		{22AD198D-8B6D-40B1-BA0C-05379EED9766}.Ad-Hoc|x64.ActiveCfg = Release|Any CPU
		{22AD198D-8B6D-40B1-BA0C-05379EED9766}.Ad-Hoc|x64.Build.0 = Release|Any CPU
		{22AD198D-8B6D-40B1-BA0C-05379EED9766}.Ad-Hoc|x86.ActiveCfg = Release|Any CPU
		{22AD198D-8B6D-40B1-BA0C-05379EED9766}.Ad-Hoc|x86.Build.0 = Release|Any CPU
		{22AD198D-8B6D-40B1-BA0C-05379EED9766}.AppStore|Any CPU.ActiveCfg = Release|Any CPU
		{22AD198D-8B6D-40B1-BA0C-05379EED9766}.AppStore|Any CPU.Build.0 = Release|Any CPU
		{22AD198D-8B6D-40B1-BA0C-05379EED9766}.AppStore|ARM.ActiveCfg = Release|Any CPU
		{22AD198D-8B6D-40B1-BA0C-05379EED9766}.AppStore|ARM.Build.0 = Release|Any CPU
		{22AD198D-8B6D-40B1-BA0C-05379EED9766}.AppStore|iPhone.ActiveCfg = Release|Any CPU
		{22AD198D-8B6D-40B1-BA0C-05379EED9766}.AppStore|iPhone.Build.0 = Release|Any CPU
		{22AD198D-8B6D-40B1-BA0C-05379EED9766}.AppStore|iPhoneSimulator.ActiveCfg = Release|Any CPU
		{22AD198D-8B6D-40B1-BA0C-05379EED9766}.AppStore|iPhoneSimulator.Build.0 = Release|Any CPU
		{22AD198D-8B6D-40B1-BA0C-05379EED9766}.AppStore|x64.ActiveCfg = Release|Any CPU
		{22AD198D-8B6D-40B1-BA0C-05379EED9766}.AppStore|x64.Build.0 = Release|Any CPU
		{22AD198D-8B6D-40B1-BA0C-05379EED9766}.AppStore|x86.ActiveCfg = Release|Any CPU
		{22AD198D-8B6D-40B1-BA0C-05379EED9766}.AppStore|x86.Build.0 = Release|Any CPU
		{22AD198D-8B6D-40B1-BA0C-05379EED9766}.Debug|Any CPU.ActiveCfg = Debug|Any CPU
		{22AD198D-8B6D-40B1-BA0C-05379EED9766}.Debug|Any CPU.Build.0 = Debug|Any CPU
		{22AD198D-8B6D-40B1-BA0C-05379EED9766}.Debug|ARM.ActiveCfg = Debug|Any CPU
		{22AD198D-8B6D-40B1-BA0C-05379EED9766}.Debug|ARM.Build.0 = Debug|Any CPU
		{22AD198D-8B6D-40B1-BA0C-05379EED9766}.Debug|iPhone.ActiveCfg = Debug|Any CPU
		{22AD198D-8B6D-40B1-BA0C-05379EED9766}.Debug|iPhone.Build.0 = Debug|Any CPU
		{22AD198D-8B6D-40B1-BA0C-05379EED9766}.Debug|iPhoneSimulator.ActiveCfg = Debug|Any CPU
		{22AD198D-8B6D-40B1-BA0C-05379EED9766}.Debug|iPhoneSimulator.Build.0 = Debug|Any CPU
		{22AD198D-8B6D-40B1-BA0C-05379EED9766}.Debug|x64.ActiveCfg = Debug|Any CPU
		{22AD198D-8B6D-40B1-BA0C-05379EED9766}.Debug|x64.Build.0 = Debug|Any CPU
		{22AD198D-8B6D-40B1-BA0C-05379EED9766}.Debug|x86.ActiveCfg = Debug|Any CPU
		{22AD198D-8B6D-40B1-BA0C-05379EED9766}.Debug|x86.Build.0 = Debug|Any CPU
		{22AD198D-8B6D-40B1-BA0C-05379EED9766}.Release|Any CPU.ActiveCfg = Release|Any CPU
		{22AD198D-8B6D-40B1-BA0C-05379EED9766}.Release|Any CPU.Build.0 = Release|Any CPU
		{22AD198D-8B6D-40B1-BA0C-05379EED9766}.Release|ARM.ActiveCfg = Release|Any CPU
		{22AD198D-8B6D-40B1-BA0C-05379EED9766}.Release|ARM.Build.0 = Release|Any CPU
		{22AD198D-8B6D-40B1-BA0C-05379EED9766}.Release|iPhone.ActiveCfg = Release|Any CPU
		{22AD198D-8B6D-40B1-BA0C-05379EED9766}.Release|iPhone.Build.0 = Release|Any CPU
		{22AD198D-8B6D-40B1-BA0C-05379EED9766}.Release|iPhoneSimulator.ActiveCfg = Release|Any CPU
		{22AD198D-8B6D-40B1-BA0C-05379EED9766}.Release|iPhoneSimulator.Build.0 = Release|Any CPU
		{22AD198D-8B6D-40B1-BA0C-05379EED9766}.Release|x64.ActiveCfg = Release|Any CPU
		{22AD198D-8B6D-40B1-BA0C-05379EED9766}.Release|x64.Build.0 = Release|Any CPU
		{22AD198D-8B6D-40B1-BA0C-05379EED9766}.Release|x86.ActiveCfg = Release|Any CPU
		{22AD198D-8B6D-40B1-BA0C-05379EED9766}.Release|x86.Build.0 = Release|Any CPU
		{46BADB35-E1B5-409D-8C0B-E5D7CB86D775}.Ad-Hoc|Any CPU.ActiveCfg = Ad-Hoc|iPhone
		{46BADB35-E1B5-409D-8C0B-E5D7CB86D775}.Ad-Hoc|ARM.ActiveCfg = Ad-Hoc|iPhone
		{46BADB35-E1B5-409D-8C0B-E5D7CB86D775}.Ad-Hoc|iPhone.ActiveCfg = Ad-Hoc|iPhone
		{46BADB35-E1B5-409D-8C0B-E5D7CB86D775}.Ad-Hoc|iPhone.Build.0 = Ad-Hoc|iPhone
		{46BADB35-E1B5-409D-8C0B-E5D7CB86D775}.Ad-Hoc|iPhoneSimulator.ActiveCfg = Ad-Hoc|iPhoneSimulator
		{46BADB35-E1B5-409D-8C0B-E5D7CB86D775}.Ad-Hoc|iPhoneSimulator.Build.0 = Ad-Hoc|iPhoneSimulator
		{46BADB35-E1B5-409D-8C0B-E5D7CB86D775}.Ad-Hoc|x64.ActiveCfg = Ad-Hoc|iPhone
		{46BADB35-E1B5-409D-8C0B-E5D7CB86D775}.Ad-Hoc|x86.ActiveCfg = Ad-Hoc|iPhone
		{46BADB35-E1B5-409D-8C0B-E5D7CB86D775}.AppStore|Any CPU.ActiveCfg = AppStore|iPhone
		{46BADB35-E1B5-409D-8C0B-E5D7CB86D775}.AppStore|ARM.ActiveCfg = AppStore|iPhone
		{46BADB35-E1B5-409D-8C0B-E5D7CB86D775}.AppStore|iPhone.ActiveCfg = AppStore|iPhone
		{46BADB35-E1B5-409D-8C0B-E5D7CB86D775}.AppStore|iPhone.Build.0 = AppStore|iPhone
		{46BADB35-E1B5-409D-8C0B-E5D7CB86D775}.AppStore|iPhoneSimulator.ActiveCfg = AppStore|iPhoneSimulator
		{46BADB35-E1B5-409D-8C0B-E5D7CB86D775}.AppStore|iPhoneSimulator.Build.0 = AppStore|iPhoneSimulator
		{46BADB35-E1B5-409D-8C0B-E5D7CB86D775}.AppStore|x64.ActiveCfg = AppStore|iPhone
		{46BADB35-E1B5-409D-8C0B-E5D7CB86D775}.AppStore|x86.ActiveCfg = AppStore|iPhone
		{46BADB35-E1B5-409D-8C0B-E5D7CB86D775}.Debug|Any CPU.ActiveCfg = Debug|iPhone
		{46BADB35-E1B5-409D-8C0B-E5D7CB86D775}.Debug|ARM.ActiveCfg = Debug|iPhone
		{46BADB35-E1B5-409D-8C0B-E5D7CB86D775}.Debug|iPhone.ActiveCfg = Debug|iPhone
		{46BADB35-E1B5-409D-8C0B-E5D7CB86D775}.Debug|iPhone.Build.0 = Debug|iPhone
		{46BADB35-E1B5-409D-8C0B-E5D7CB86D775}.Debug|iPhoneSimulator.ActiveCfg = Debug|iPhoneSimulator
		{46BADB35-E1B5-409D-8C0B-E5D7CB86D775}.Debug|iPhoneSimulator.Build.0 = Debug|iPhoneSimulator
		{46BADB35-E1B5-409D-8C0B-E5D7CB86D775}.Debug|x64.ActiveCfg = Debug|iPhone
		{46BADB35-E1B5-409D-8C0B-E5D7CB86D775}.Debug|x86.ActiveCfg = Debug|iPhone
		{46BADB35-E1B5-409D-8C0B-E5D7CB86D775}.Release|Any CPU.ActiveCfg = Release|iPhone
		{46BADB35-E1B5-409D-8C0B-E5D7CB86D775}.Release|ARM.ActiveCfg = Release|iPhone
		{46BADB35-E1B5-409D-8C0B-E5D7CB86D775}.Release|iPhone.ActiveCfg = Release|iPhone
		{46BADB35-E1B5-409D-8C0B-E5D7CB86D775}.Release|iPhone.Build.0 = Release|iPhone
		{46BADB35-E1B5-409D-8C0B-E5D7CB86D775}.Release|iPhoneSimulator.ActiveCfg = Release|iPhoneSimulator
		{46BADB35-E1B5-409D-8C0B-E5D7CB86D775}.Release|iPhoneSimulator.Build.0 = Release|iPhoneSimulator
		{46BADB35-E1B5-409D-8C0B-E5D7CB86D775}.Release|x64.ActiveCfg = Release|iPhone
		{46BADB35-E1B5-409D-8C0B-E5D7CB86D775}.Release|x86.ActiveCfg = Release|iPhone
		{B0DCAA4E-1853-4561-A98C-1F6B994755F2}.Ad-Hoc|Any CPU.ActiveCfg = Release|Any CPU
		{B0DCAA4E-1853-4561-A98C-1F6B994755F2}.Ad-Hoc|Any CPU.Build.0 = Release|Any CPU
		{B0DCAA4E-1853-4561-A98C-1F6B994755F2}.Ad-Hoc|Any CPU.Deploy.0 = Release|Any CPU
		{B0DCAA4E-1853-4561-A98C-1F6B994755F2}.Ad-Hoc|ARM.ActiveCfg = Release|Any CPU
		{B0DCAA4E-1853-4561-A98C-1F6B994755F2}.Ad-Hoc|ARM.Build.0 = Release|Any CPU
		{B0DCAA4E-1853-4561-A98C-1F6B994755F2}.Ad-Hoc|ARM.Deploy.0 = Release|Any CPU
		{B0DCAA4E-1853-4561-A98C-1F6B994755F2}.Ad-Hoc|iPhone.ActiveCfg = Release|Any CPU
		{B0DCAA4E-1853-4561-A98C-1F6B994755F2}.Ad-Hoc|iPhone.Build.0 = Release|Any CPU
		{B0DCAA4E-1853-4561-A98C-1F6B994755F2}.Ad-Hoc|iPhone.Deploy.0 = Release|Any CPU
		{B0DCAA4E-1853-4561-A98C-1F6B994755F2}.Ad-Hoc|iPhoneSimulator.ActiveCfg = Release|Any CPU
		{B0DCAA4E-1853-4561-A98C-1F6B994755F2}.Ad-Hoc|iPhoneSimulator.Build.0 = Release|Any CPU
		{B0DCAA4E-1853-4561-A98C-1F6B994755F2}.Ad-Hoc|iPhoneSimulator.Deploy.0 = Release|Any CPU
		{B0DCAA4E-1853-4561-A98C-1F6B994755F2}.Ad-Hoc|x64.ActiveCfg = Release|Any CPU
		{B0DCAA4E-1853-4561-A98C-1F6B994755F2}.Ad-Hoc|x64.Build.0 = Release|Any CPU
		{B0DCAA4E-1853-4561-A98C-1F6B994755F2}.Ad-Hoc|x64.Deploy.0 = Release|Any CPU
		{B0DCAA4E-1853-4561-A98C-1F6B994755F2}.Ad-Hoc|x86.ActiveCfg = Release|Any CPU
		{B0DCAA4E-1853-4561-A98C-1F6B994755F2}.Ad-Hoc|x86.Build.0 = Release|Any CPU
		{B0DCAA4E-1853-4561-A98C-1F6B994755F2}.Ad-Hoc|x86.Deploy.0 = Release|Any CPU
		{B0DCAA4E-1853-4561-A98C-1F6B994755F2}.AppStore|Any CPU.ActiveCfg = Release|Any CPU
		{B0DCAA4E-1853-4561-A98C-1F6B994755F2}.AppStore|Any CPU.Build.0 = Release|Any CPU
		{B0DCAA4E-1853-4561-A98C-1F6B994755F2}.AppStore|Any CPU.Deploy.0 = Release|Any CPU
		{B0DCAA4E-1853-4561-A98C-1F6B994755F2}.AppStore|ARM.ActiveCfg = Release|Any CPU
		{B0DCAA4E-1853-4561-A98C-1F6B994755F2}.AppStore|ARM.Build.0 = Release|Any CPU
		{B0DCAA4E-1853-4561-A98C-1F6B994755F2}.AppStore|ARM.Deploy.0 = Release|Any CPU
		{B0DCAA4E-1853-4561-A98C-1F6B994755F2}.AppStore|iPhone.ActiveCfg = Release|Any CPU
		{B0DCAA4E-1853-4561-A98C-1F6B994755F2}.AppStore|iPhone.Build.0 = Release|Any CPU
		{B0DCAA4E-1853-4561-A98C-1F6B994755F2}.AppStore|iPhone.Deploy.0 = Release|Any CPU
		{B0DCAA4E-1853-4561-A98C-1F6B994755F2}.AppStore|iPhoneSimulator.ActiveCfg = Release|Any CPU
		{B0DCAA4E-1853-4561-A98C-1F6B994755F2}.AppStore|iPhoneSimulator.Build.0 = Release|Any CPU
		{B0DCAA4E-1853-4561-A98C-1F6B994755F2}.AppStore|iPhoneSimulator.Deploy.0 = Release|Any CPU
		{B0DCAA4E-1853-4561-A98C-1F6B994755F2}.AppStore|x64.ActiveCfg = Release|Any CPU
		{B0DCAA4E-1853-4561-A98C-1F6B994755F2}.AppStore|x64.Build.0 = Release|Any CPU
		{B0DCAA4E-1853-4561-A98C-1F6B994755F2}.AppStore|x64.Deploy.0 = Release|Any CPU
		{B0DCAA4E-1853-4561-A98C-1F6B994755F2}.AppStore|x86.ActiveCfg = Release|Any CPU
		{B0DCAA4E-1853-4561-A98C-1F6B994755F2}.AppStore|x86.Build.0 = Release|Any CPU
		{B0DCAA4E-1853-4561-A98C-1F6B994755F2}.AppStore|x86.Deploy.0 = Release|Any CPU
		{B0DCAA4E-1853-4561-A98C-1F6B994755F2}.Debug|Any CPU.ActiveCfg = Debug|Any CPU
		{B0DCAA4E-1853-4561-A98C-1F6B994755F2}.Debug|Any CPU.Build.0 = Debug|Any CPU
		{B0DCAA4E-1853-4561-A98C-1F6B994755F2}.Debug|Any CPU.Deploy.0 = Debug|Any CPU
		{B0DCAA4E-1853-4561-A98C-1F6B994755F2}.Debug|ARM.ActiveCfg = Debug|Any CPU
		{B0DCAA4E-1853-4561-A98C-1F6B994755F2}.Debug|ARM.Build.0 = Debug|Any CPU
		{B0DCAA4E-1853-4561-A98C-1F6B994755F2}.Debug|ARM.Deploy.0 = Debug|Any CPU
		{B0DCAA4E-1853-4561-A98C-1F6B994755F2}.Debug|iPhone.ActiveCfg = Debug|Any CPU
		{B0DCAA4E-1853-4561-A98C-1F6B994755F2}.Debug|iPhone.Build.0 = Debug|Any CPU
		{B0DCAA4E-1853-4561-A98C-1F6B994755F2}.Debug|iPhone.Deploy.0 = Debug|Any CPU
		{B0DCAA4E-1853-4561-A98C-1F6B994755F2}.Debug|iPhoneSimulator.ActiveCfg = Debug|Any CPU
		{B0DCAA4E-1853-4561-A98C-1F6B994755F2}.Debug|iPhoneSimulator.Build.0 = Debug|Any CPU
		{B0DCAA4E-1853-4561-A98C-1F6B994755F2}.Debug|iPhoneSimulator.Deploy.0 = Debug|Any CPU
		{B0DCAA4E-1853-4561-A98C-1F6B994755F2}.Debug|x64.ActiveCfg = Debug|Any CPU
		{B0DCAA4E-1853-4561-A98C-1F6B994755F2}.Debug|x64.Build.0 = Debug|Any CPU
		{B0DCAA4E-1853-4561-A98C-1F6B994755F2}.Debug|x64.Deploy.0 = Debug|Any CPU
		{B0DCAA4E-1853-4561-A98C-1F6B994755F2}.Debug|x86.ActiveCfg = Debug|Any CPU
		{B0DCAA4E-1853-4561-A98C-1F6B994755F2}.Debug|x86.Build.0 = Debug|Any CPU
		{B0DCAA4E-1853-4561-A98C-1F6B994755F2}.Debug|x86.Deploy.0 = Debug|Any CPU
		{B0DCAA4E-1853-4561-A98C-1F6B994755F2}.Release|Any CPU.ActiveCfg = Release|Any CPU
		{B0DCAA4E-1853-4561-A98C-1F6B994755F2}.Release|Any CPU.Build.0 = Release|Any CPU
		{B0DCAA4E-1853-4561-A98C-1F6B994755F2}.Release|Any CPU.Deploy.0 = Release|Any CPU
		{B0DCAA4E-1853-4561-A98C-1F6B994755F2}.Release|ARM.ActiveCfg = Release|Any CPU
		{B0DCAA4E-1853-4561-A98C-1F6B994755F2}.Release|ARM.Build.0 = Release|Any CPU
		{B0DCAA4E-1853-4561-A98C-1F6B994755F2}.Release|ARM.Deploy.0 = Release|Any CPU
		{B0DCAA4E-1853-4561-A98C-1F6B994755F2}.Release|iPhone.ActiveCfg = Release|Any CPU
		{B0DCAA4E-1853-4561-A98C-1F6B994755F2}.Release|iPhone.Build.0 = Release|Any CPU
		{B0DCAA4E-1853-4561-A98C-1F6B994755F2}.Release|iPhone.Deploy.0 = Release|Any CPU
		{B0DCAA4E-1853-4561-A98C-1F6B994755F2}.Release|iPhoneSimulator.ActiveCfg = Release|Any CPU
		{B0DCAA4E-1853-4561-A98C-1F6B994755F2}.Release|iPhoneSimulator.Build.0 = Release|Any CPU
		{B0DCAA4E-1853-4561-A98C-1F6B994755F2}.Release|iPhoneSimulator.Deploy.0 = Release|Any CPU
		{B0DCAA4E-1853-4561-A98C-1F6B994755F2}.Release|x64.ActiveCfg = Release|Any CPU
		{B0DCAA4E-1853-4561-A98C-1F6B994755F2}.Release|x64.Build.0 = Release|Any CPU
		{B0DCAA4E-1853-4561-A98C-1F6B994755F2}.Release|x64.Deploy.0 = Release|Any CPU
		{B0DCAA4E-1853-4561-A98C-1F6B994755F2}.Release|x86.ActiveCfg = Release|Any CPU
		{B0DCAA4E-1853-4561-A98C-1F6B994755F2}.Release|x86.Build.0 = Release|Any CPU
		{B0DCAA4E-1853-4561-A98C-1F6B994755F2}.Release|x86.Deploy.0 = Release|Any CPU
		{FFBFF4F6-6B8E-4269-870A-30188ABECE69}.Ad-Hoc|Any CPU.ActiveCfg = Debug|ARM
		{FFBFF4F6-6B8E-4269-870A-30188ABECE69}.Ad-Hoc|Any CPU.Build.0 = Debug|ARM
		{FFBFF4F6-6B8E-4269-870A-30188ABECE69}.Ad-Hoc|ARM.ActiveCfg = Debug|ARM
		{FFBFF4F6-6B8E-4269-870A-30188ABECE69}.Ad-Hoc|ARM.Build.0 = Debug|ARM
		{FFBFF4F6-6B8E-4269-870A-30188ABECE69}.Ad-Hoc|iPhone.ActiveCfg = Debug|ARM
		{FFBFF4F6-6B8E-4269-870A-30188ABECE69}.Ad-Hoc|iPhone.Build.0 = Debug|ARM
		{FFBFF4F6-6B8E-4269-870A-30188ABECE69}.Ad-Hoc|iPhoneSimulator.ActiveCfg = Debug|ARM
		{FFBFF4F6-6B8E-4269-870A-30188ABECE69}.Ad-Hoc|iPhoneSimulator.Build.0 = Debug|ARM
		{FFBFF4F6-6B8E-4269-870A-30188ABECE69}.Ad-Hoc|x64.ActiveCfg = Debug|x64
		{FFBFF4F6-6B8E-4269-870A-30188ABECE69}.Ad-Hoc|x64.Build.0 = Debug|x64
		{FFBFF4F6-6B8E-4269-870A-30188ABECE69}.Ad-Hoc|x86.ActiveCfg = Debug|x86
		{FFBFF4F6-6B8E-4269-870A-30188ABECE69}.Ad-Hoc|x86.Build.0 = Debug|x86
		{FFBFF4F6-6B8E-4269-870A-30188ABECE69}.AppStore|Any CPU.ActiveCfg = Debug|ARM
		{FFBFF4F6-6B8E-4269-870A-30188ABECE69}.AppStore|Any CPU.Build.0 = Debug|ARM
		{FFBFF4F6-6B8E-4269-870A-30188ABECE69}.AppStore|ARM.ActiveCfg = Debug|ARM
		{FFBFF4F6-6B8E-4269-870A-30188ABECE69}.AppStore|ARM.Build.0 = Debug|ARM
		{FFBFF4F6-6B8E-4269-870A-30188ABECE69}.AppStore|iPhone.ActiveCfg = Debug|ARM
		{FFBFF4F6-6B8E-4269-870A-30188ABECE69}.AppStore|iPhone.Build.0 = Debug|ARM
		{FFBFF4F6-6B8E-4269-870A-30188ABECE69}.AppStore|iPhoneSimulator.ActiveCfg = Debug|ARM
		{FFBFF4F6-6B8E-4269-870A-30188ABECE69}.AppStore|iPhoneSimulator.Build.0 = Debug|ARM
		{FFBFF4F6-6B8E-4269-870A-30188ABECE69}.AppStore|x64.ActiveCfg = Debug|x64
		{FFBFF4F6-6B8E-4269-870A-30188ABECE69}.AppStore|x64.Build.0 = Debug|x64
		{FFBFF4F6-6B8E-4269-870A-30188ABECE69}.AppStore|x86.ActiveCfg = Debug|x86
		{FFBFF4F6-6B8E-4269-870A-30188ABECE69}.AppStore|x86.Build.0 = Debug|x86
		{FFBFF4F6-6B8E-4269-870A-30188ABECE69}.Debug|Any CPU.ActiveCfg = Debug|ARM
		{FFBFF4F6-6B8E-4269-870A-30188ABECE69}.Debug|Any CPU.Build.0 = Debug|ARM
		{FFBFF4F6-6B8E-4269-870A-30188ABECE69}.Debug|ARM.ActiveCfg = Debug|ARM
		{FFBFF4F6-6B8E-4269-870A-30188ABECE69}.Debug|ARM.Build.0 = Debug|ARM
		{FFBFF4F6-6B8E-4269-870A-30188ABECE69}.Debug|iPhone.ActiveCfg = Debug|ARM
		{FFBFF4F6-6B8E-4269-870A-30188ABECE69}.Debug|iPhone.Build.0 = Debug|ARM
		{FFBFF4F6-6B8E-4269-870A-30188ABECE69}.Debug|iPhoneSimulator.ActiveCfg = Debug|ARM
		{FFBFF4F6-6B8E-4269-870A-30188ABECE69}.Debug|iPhoneSimulator.Build.0 = Debug|ARM
		{FFBFF4F6-6B8E-4269-870A-30188ABECE69}.Debug|x64.ActiveCfg = Debug|x64
		{FFBFF4F6-6B8E-4269-870A-30188ABECE69}.Debug|x64.Build.0 = Debug|x64
		{FFBFF4F6-6B8E-4269-870A-30188ABECE69}.Debug|x86.ActiveCfg = Debug|x86
		{FFBFF4F6-6B8E-4269-870A-30188ABECE69}.Debug|x86.Build.0 = Debug|x86
		{FFBFF4F6-6B8E-4269-870A-30188ABECE69}.Release|Any CPU.ActiveCfg = Release|ARM
		{FFBFF4F6-6B8E-4269-870A-30188ABECE69}.Release|Any CPU.Build.0 = Release|ARM
		{FFBFF4F6-6B8E-4269-870A-30188ABECE69}.Release|ARM.ActiveCfg = Release|ARM
		{FFBFF4F6-6B8E-4269-870A-30188ABECE69}.Release|ARM.Build.0 = Release|ARM
		{FFBFF4F6-6B8E-4269-870A-30188ABECE69}.Release|iPhone.ActiveCfg = Release|ARM
		{FFBFF4F6-6B8E-4269-870A-30188ABECE69}.Release|iPhone.Build.0 = Release|ARM
		{FFBFF4F6-6B8E-4269-870A-30188ABECE69}.Release|iPhoneSimulator.ActiveCfg = Release|ARM
		{FFBFF4F6-6B8E-4269-870A-30188ABECE69}.Release|iPhoneSimulator.Build.0 = Release|ARM
		{FFBFF4F6-6B8E-4269-870A-30188ABECE69}.Release|x64.ActiveCfg = Release|x64
		{FFBFF4F6-6B8E-4269-870A-30188ABECE69}.Release|x64.Build.0 = Release|x64
		{FFBFF4F6-6B8E-4269-870A-30188ABECE69}.Release|x86.ActiveCfg = Release|x86
		{FFBFF4F6-6B8E-4269-870A-30188ABECE69}.Release|x86.Build.0 = Release|x86
	EndGlobalSection
	GlobalSection(SolutionProperties) = preSolution
		HideSolutionNode = FALSE
	EndGlobalSection
	GlobalSection(NestedProjects) = preSolution
		{0D1E84BC-8253-46EF-B55B-E00BBD774B52} = {78B26157-BA6D-499D-9FB4-75827C351A05}
		{E68D035D-D4C0-48E5-B6A9-C2A2C833B167} = {78B26157-BA6D-499D-9FB4-75827C351A05}
		{55F4CF78-F192-4A7E-9DCE-66944D3ABBC0} = {78B26157-BA6D-499D-9FB4-75827C351A05}
		{459B00BF-1CF7-44AA-950B-27483C032C2D} = {78B26157-BA6D-499D-9FB4-75827C351A05}
		{4FECE5FF-399C-4814-9830-E4D69D3AE83A} = {78B26157-BA6D-499D-9FB4-75827C351A05}
		{89C1C0D0-874B-406B-B7AE-6EF49A8ED4D6} = {78B26157-BA6D-499D-9FB4-75827C351A05}
		{22AD198D-8B6D-40B1-BA0C-05379EED9766} = {78B26157-BA6D-499D-9FB4-75827C351A05}
	EndGlobalSection
EndGlobal
