
Microsoft Visual Studio Solution File, Format Version 12.00
# Visual Studio 2012
VisualStudioVersion = 14.0.23107.0
MinimumVisualStudioVersion = 10.0.40219.1
Project("{2150E333-8FDC-42A3-9474-1A3956D46DE8}") = "Dependencies", "Dependencies", "{D27889A1-0AD6-4075-89FF-A25638A18887}"
EndProject
Project("{FAE04EC0-301F-11D3-BF4B-00C04F79EFBC}") = "BeerDrinkin", "BeerDrinkin.csproj", "{70F2F312-0E9F-40B2-BA23-37F994708DAE}"
EndProject
Project("{FAE04EC0-301F-11D3-BF4B-00C04F79EFBC}") = "BeerDrinkinAPI", "..\BeerDrinkinAPI\BeerDrinkinAPI.csproj", "{AB1004CB-BECB-4EDD-979F-71B74C5C2539}"
EndProject
Project("{FAE04EC0-301F-11D3-BF4B-00C04F79EFBC}") = "BreweryDB", "..\..\BreweryDB\BreweryDB\BreweryDB.csproj", "{84D549C9-B9CA-4C37-8C99-2C12DB8906B6}"
EndProject
Project("{FAE04EC0-301F-11D3-BF4B-00C04F79EFBC}") = "BeerDrinkingService", "..\BeerDrinkingService\BeerDrinkingService.csproj", "{209FA716-A7AD-4095-BD70-C8710FC66FA7}"
EndProject
Project("{D954291E-2A0B-460D-934E-DC6B0785DB48}") = "BeerDrinkin.Shared", "..\..\BeerDrinkin.Shared\BeerDrinkin.Shared.shproj", "{1C5D7565-766E-4B9C-AFC9-169E0A5B5085}"
EndProject
Project("{FAE04EC0-301F-11D3-BF4B-00C04F79EFBC}") = "BTProgressHUD", "..\..\BTProgressHUD\BTProgressHUD\BTProgressHUD.csproj", "{8ECDFDC5-42D0-4540-9691-830EEB2ED874}"
EndProject
Project("{2150E333-8FDC-42A3-9474-1A3956D46DE8}") = "Tests", "Tests", "{C8286333-9B7C-4144-8BF6-E5FC953DAB9B}"
EndProject
Project("{FAE04EC0-301F-11D3-BF4B-00C04F79EFBC}") = "BreweryDB.Tests", "..\BreweryDB.Tests\BreweryDB.Tests.csproj", "{511EF12F-A751-4A50-82B1-7487C5485A1E}"
EndProject
Project("{2150E333-8FDC-42A3-9474-1A3956D46DE8}") = "Xamarin.Forms", "Xamarin.Forms", "{DC53B158-4062-486F-A6EA-F984116D938F}"
EndProject
Project("{FAE04EC0-301F-11D3-BF4B-00C04F79EFBC}") = "BeerDrinkin.Forms", "BeerDrinkin.Forms\BeerDrinkin.Forms.csproj", "{1788017F-0E3A-4552-A7CD-752F42AD2A2F}"
EndProject
Project("{FAE04EC0-301F-11D3-BF4B-00C04F79EFBC}") = "BeerDrinkin.Forms.Droid", "Droid\BeerDrinkin.Forms.Droid.csproj", "{22035F76-5E3E-44D9-9C86-3C16CC45BBF0}"
EndProject
Project("{2150E333-8FDC-42A3-9474-1A3956D46DE8}") = "Xamarin.iOS", "Xamarin.iOS", "{207EB99E-F201-4DCB-8167-9F8D0D3FC834}"
EndProject
Project("{FAE04EC0-301F-11D3-BF4B-00C04F79EFBC}") = "BeerDrinkin.iOS", "iOS\BeerDrinkin.iOS.csproj", "{586D37FE-B247-44A7-B218-278458571D5A}"
EndProject
Project("{FAE04EC0-301F-11D3-BF4B-00C04F79EFBC}") = "BeerDrinkin.iOS.TodayExtension", "BeerDrinkin.iOS.TodayExtension\BeerDrinkin.iOS.TodayExtension.csproj", "{057B94AE-44D1-478B-BBA6-29EAEEB1F280}"
EndProject
Global
	GlobalSection(SolutionConfigurationPlatforms) = preSolution
		Ad-Hoc|Any CPU = Ad-Hoc|Any CPU
		Ad-Hoc|iPhone = Ad-Hoc|iPhone
		Ad-Hoc|iPhoneSimulator = Ad-Hoc|iPhoneSimulator
		AppStore|Any CPU = AppStore|Any CPU
		AppStore|iPhone = AppStore|iPhone
		AppStore|iPhoneSimulator = AppStore|iPhoneSimulator
		BuildNet45|Any CPU = BuildNet45|Any CPU
		BuildNet45|iPhone = BuildNet45|iPhone
		BuildNet45|iPhoneSimulator = BuildNet45|iPhoneSimulator
		Debug|Any CPU = Debug|Any CPU
		Debug|iPhone = Debug|iPhone
		Debug|iPhoneSimulator = Debug|iPhoneSimulator
		Release|Any CPU = Release|Any CPU
		Release|iPhone = Release|iPhone
		Release|iPhoneSimulator = Release|iPhoneSimulator
	EndGlobalSection
	GlobalSection(ProjectConfigurationPlatforms) = postSolution
		{057B94AE-44D1-478B-BBA6-29EAEEB1F280}.Ad-Hoc|Any CPU.ActiveCfg = Debug|iPhoneSimulator
		{057B94AE-44D1-478B-BBA6-29EAEEB1F280}.Ad-Hoc|Any CPU.Build.0 = Debug|iPhoneSimulator
		{057B94AE-44D1-478B-BBA6-29EAEEB1F280}.Ad-Hoc|iPhone.ActiveCfg = Release|iPhone
		{057B94AE-44D1-478B-BBA6-29EAEEB1F280}.Ad-Hoc|iPhone.Build.0 = Release|iPhone
		{057B94AE-44D1-478B-BBA6-29EAEEB1F280}.Ad-Hoc|iPhoneSimulator.ActiveCfg = Debug|iPhoneSimulator
		{057B94AE-44D1-478B-BBA6-29EAEEB1F280}.Ad-Hoc|iPhoneSimulator.Build.0 = Debug|iPhoneSimulator
		{057B94AE-44D1-478B-BBA6-29EAEEB1F280}.AppStore|Any CPU.ActiveCfg = Debug|iPhoneSimulator
		{057B94AE-44D1-478B-BBA6-29EAEEB1F280}.AppStore|Any CPU.Build.0 = Debug|iPhoneSimulator
		{057B94AE-44D1-478B-BBA6-29EAEEB1F280}.AppStore|iPhone.ActiveCfg = Release|iPhone
		{057B94AE-44D1-478B-BBA6-29EAEEB1F280}.AppStore|iPhone.Build.0 = Release|iPhone
		{057B94AE-44D1-478B-BBA6-29EAEEB1F280}.AppStore|iPhoneSimulator.ActiveCfg = Debug|iPhoneSimulator
		{057B94AE-44D1-478B-BBA6-29EAEEB1F280}.AppStore|iPhoneSimulator.Build.0 = Debug|iPhoneSimulator
		{057B94AE-44D1-478B-BBA6-29EAEEB1F280}.BuildNet45|Any CPU.ActiveCfg = Debug|iPhoneSimulator
		{057B94AE-44D1-478B-BBA6-29EAEEB1F280}.BuildNet45|Any CPU.Build.0 = Debug|iPhoneSimulator
		{057B94AE-44D1-478B-BBA6-29EAEEB1F280}.BuildNet45|iPhone.ActiveCfg = Release|iPhone
		{057B94AE-44D1-478B-BBA6-29EAEEB1F280}.BuildNet45|iPhone.Build.0 = Release|iPhone
		{057B94AE-44D1-478B-BBA6-29EAEEB1F280}.BuildNet45|iPhoneSimulator.ActiveCfg = Debug|iPhoneSimulator
		{057B94AE-44D1-478B-BBA6-29EAEEB1F280}.BuildNet45|iPhoneSimulator.Build.0 = Debug|iPhoneSimulator
		{057B94AE-44D1-478B-BBA6-29EAEEB1F280}.Debug|Any CPU.ActiveCfg = Debug|iPhoneSimulator
		{057B94AE-44D1-478B-BBA6-29EAEEB1F280}.Debug|Any CPU.Build.0 = Debug|iPhoneSimulator
		{057B94AE-44D1-478B-BBA6-29EAEEB1F280}.Debug|iPhone.ActiveCfg = Debug|iPhone
		{057B94AE-44D1-478B-BBA6-29EAEEB1F280}.Debug|iPhone.Build.0 = Debug|iPhone
		{057B94AE-44D1-478B-BBA6-29EAEEB1F280}.Debug|iPhoneSimulator.ActiveCfg = Debug|iPhoneSimulator
		{057B94AE-44D1-478B-BBA6-29EAEEB1F280}.Debug|iPhoneSimulator.Build.0 = Debug|iPhoneSimulator
		{057B94AE-44D1-478B-BBA6-29EAEEB1F280}.Release|Any CPU.ActiveCfg = Release|iPhone
		{057B94AE-44D1-478B-BBA6-29EAEEB1F280}.Release|Any CPU.Build.0 = Release|iPhone
		{057B94AE-44D1-478B-BBA6-29EAEEB1F280}.Release|iPhone.ActiveCfg = Release|iPhone
		{057B94AE-44D1-478B-BBA6-29EAEEB1F280}.Release|iPhone.Build.0 = Release|iPhone
		{057B94AE-44D1-478B-BBA6-29EAEEB1F280}.Release|iPhoneSimulator.ActiveCfg = Release|iPhoneSimulator
		{057B94AE-44D1-478B-BBA6-29EAEEB1F280}.Release|iPhoneSimulator.Build.0 = Release|iPhoneSimulator
		{1788017F-0E3A-4552-A7CD-752F42AD2A2F}.Ad-Hoc|Any CPU.ActiveCfg = Release|Any CPU
		{1788017F-0E3A-4552-A7CD-752F42AD2A2F}.Ad-Hoc|Any CPU.Build.0 = Release|Any CPU
		{1788017F-0E3A-4552-A7CD-752F42AD2A2F}.Ad-Hoc|iPhone.ActiveCfg = Debug|Any CPU
		{1788017F-0E3A-4552-A7CD-752F42AD2A2F}.Ad-Hoc|iPhone.Build.0 = Debug|Any CPU
		{1788017F-0E3A-4552-A7CD-752F42AD2A2F}.Ad-Hoc|iPhoneSimulator.ActiveCfg = Release|Any CPU
		{1788017F-0E3A-4552-A7CD-752F42AD2A2F}.Ad-Hoc|iPhoneSimulator.Build.0 = Release|Any CPU
		{1788017F-0E3A-4552-A7CD-752F42AD2A2F}.AppStore|Any CPU.ActiveCfg = Release|Any CPU
		{1788017F-0E3A-4552-A7CD-752F42AD2A2F}.AppStore|Any CPU.Build.0 = Release|Any CPU
		{1788017F-0E3A-4552-A7CD-752F42AD2A2F}.AppStore|iPhone.ActiveCfg = Debug|Any CPU
		{1788017F-0E3A-4552-A7CD-752F42AD2A2F}.AppStore|iPhone.Build.0 = Debug|Any CPU
		{1788017F-0E3A-4552-A7CD-752F42AD2A2F}.AppStore|iPhoneSimulator.ActiveCfg = Release|Any CPU
		{1788017F-0E3A-4552-A7CD-752F42AD2A2F}.AppStore|iPhoneSimulator.Build.0 = Release|Any CPU
		{1788017F-0E3A-4552-A7CD-752F42AD2A2F}.BuildNet45|Any CPU.ActiveCfg = Debug|Any CPU
		{1788017F-0E3A-4552-A7CD-752F42AD2A2F}.BuildNet45|Any CPU.Build.0 = Debug|Any CPU
		{1788017F-0E3A-4552-A7CD-752F42AD2A2F}.BuildNet45|iPhone.ActiveCfg = Release|Any CPU
		{1788017F-0E3A-4552-A7CD-752F42AD2A2F}.BuildNet45|iPhone.Build.0 = Release|Any CPU
		{1788017F-0E3A-4552-A7CD-752F42AD2A2F}.BuildNet45|iPhoneSimulator.ActiveCfg = Release|Any CPU
		{1788017F-0E3A-4552-A7CD-752F42AD2A2F}.BuildNet45|iPhoneSimulator.Build.0 = Release|Any CPU
		{1788017F-0E3A-4552-A7CD-752F42AD2A2F}.Debug|Any CPU.ActiveCfg = Debug|Any CPU
		{1788017F-0E3A-4552-A7CD-752F42AD2A2F}.Debug|Any CPU.Build.0 = Debug|Any CPU
		{1788017F-0E3A-4552-A7CD-752F42AD2A2F}.Debug|iPhone.ActiveCfg = Debug|Any CPU
		{1788017F-0E3A-4552-A7CD-752F42AD2A2F}.Debug|iPhone.Build.0 = Debug|Any CPU
		{1788017F-0E3A-4552-A7CD-752F42AD2A2F}.Debug|iPhoneSimulator.ActiveCfg = Debug|Any CPU
		{1788017F-0E3A-4552-A7CD-752F42AD2A2F}.Debug|iPhoneSimulator.Build.0 = Debug|Any CPU
		{1788017F-0E3A-4552-A7CD-752F42AD2A2F}.Release|Any CPU.ActiveCfg = Release|Any CPU
		{1788017F-0E3A-4552-A7CD-752F42AD2A2F}.Release|Any CPU.Build.0 = Release|Any CPU
		{1788017F-0E3A-4552-A7CD-752F42AD2A2F}.Release|iPhone.ActiveCfg = Release|Any CPU
		{1788017F-0E3A-4552-A7CD-752F42AD2A2F}.Release|iPhone.Build.0 = Release|Any CPU
		{1788017F-0E3A-4552-A7CD-752F42AD2A2F}.Release|iPhoneSimulator.ActiveCfg = Release|Any CPU
		{1788017F-0E3A-4552-A7CD-752F42AD2A2F}.Release|iPhoneSimulator.Build.0 = Release|Any CPU
		{209FA716-A7AD-4095-BD70-C8710FC66FA7}.Ad-Hoc|Any CPU.ActiveCfg = Release|Any CPU
		{209FA716-A7AD-4095-BD70-C8710FC66FA7}.Ad-Hoc|Any CPU.Build.0 = Release|Any CPU
		{209FA716-A7AD-4095-BD70-C8710FC66FA7}.Ad-Hoc|iPhone.ActiveCfg = Release|Any CPU
		{209FA716-A7AD-4095-BD70-C8710FC66FA7}.Ad-Hoc|iPhone.Build.0 = Release|Any CPU
		{209FA716-A7AD-4095-BD70-C8710FC66FA7}.Ad-Hoc|iPhoneSimulator.ActiveCfg = Release|Any CPU
		{209FA716-A7AD-4095-BD70-C8710FC66FA7}.Ad-Hoc|iPhoneSimulator.Build.0 = Release|Any CPU
		{209FA716-A7AD-4095-BD70-C8710FC66FA7}.AppStore|Any CPU.ActiveCfg = Release|Any CPU
		{209FA716-A7AD-4095-BD70-C8710FC66FA7}.AppStore|Any CPU.Build.0 = Release|Any CPU
		{209FA716-A7AD-4095-BD70-C8710FC66FA7}.AppStore|iPhone.ActiveCfg = Release|Any CPU
		{209FA716-A7AD-4095-BD70-C8710FC66FA7}.AppStore|iPhone.Build.0 = Release|Any CPU
		{209FA716-A7AD-4095-BD70-C8710FC66FA7}.AppStore|iPhoneSimulator.ActiveCfg = Release|Any CPU
		{209FA716-A7AD-4095-BD70-C8710FC66FA7}.AppStore|iPhoneSimulator.Build.0 = Release|Any CPU
		{209FA716-A7AD-4095-BD70-C8710FC66FA7}.BuildNet45|Any CPU.ActiveCfg = Release|Any CPU
		{209FA716-A7AD-4095-BD70-C8710FC66FA7}.BuildNet45|Any CPU.Build.0 = Release|Any CPU
		{209FA716-A7AD-4095-BD70-C8710FC66FA7}.BuildNet45|iPhone.ActiveCfg = Release|Any CPU
		{209FA716-A7AD-4095-BD70-C8710FC66FA7}.BuildNet45|iPhone.Build.0 = Release|Any CPU
		{209FA716-A7AD-4095-BD70-C8710FC66FA7}.BuildNet45|iPhoneSimulator.ActiveCfg = Release|Any CPU
		{209FA716-A7AD-4095-BD70-C8710FC66FA7}.BuildNet45|iPhoneSimulator.Build.0 = Release|Any CPU
		{209FA716-A7AD-4095-BD70-C8710FC66FA7}.Debug|Any CPU.ActiveCfg = Debug|Any CPU
		{209FA716-A7AD-4095-BD70-C8710FC66FA7}.Debug|Any CPU.Build.0 = Debug|Any CPU
		{209FA716-A7AD-4095-BD70-C8710FC66FA7}.Debug|iPhone.ActiveCfg = Debug|Any CPU
		{209FA716-A7AD-4095-BD70-C8710FC66FA7}.Debug|iPhone.Build.0 = Debug|Any CPU
		{209FA716-A7AD-4095-BD70-C8710FC66FA7}.Debug|iPhoneSimulator.ActiveCfg = Debug|Any CPU
		{209FA716-A7AD-4095-BD70-C8710FC66FA7}.Debug|iPhoneSimulator.Build.0 = Debug|Any CPU
		{209FA716-A7AD-4095-BD70-C8710FC66FA7}.Release|Any CPU.ActiveCfg = Release|Any CPU
		{209FA716-A7AD-4095-BD70-C8710FC66FA7}.Release|Any CPU.Build.0 = Release|Any CPU
		{209FA716-A7AD-4095-BD70-C8710FC66FA7}.Release|iPhone.ActiveCfg = Release|Any CPU
		{209FA716-A7AD-4095-BD70-C8710FC66FA7}.Release|iPhone.Build.0 = Release|Any CPU
		{209FA716-A7AD-4095-BD70-C8710FC66FA7}.Release|iPhoneSimulator.ActiveCfg = Release|Any CPU
		{209FA716-A7AD-4095-BD70-C8710FC66FA7}.Release|iPhoneSimulator.Build.0 = Release|Any CPU
		{22035F76-5E3E-44D9-9C86-3C16CC45BBF0}.Ad-Hoc|Any CPU.ActiveCfg = Release|Any CPU
		{22035F76-5E3E-44D9-9C86-3C16CC45BBF0}.Ad-Hoc|Any CPU.Build.0 = Release|Any CPU
		{22035F76-5E3E-44D9-9C86-3C16CC45BBF0}.Ad-Hoc|iPhone.ActiveCfg = Debug|Any CPU
		{22035F76-5E3E-44D9-9C86-3C16CC45BBF0}.Ad-Hoc|iPhone.Build.0 = Debug|Any CPU
		{22035F76-5E3E-44D9-9C86-3C16CC45BBF0}.Ad-Hoc|iPhoneSimulator.ActiveCfg = Release|Any CPU
		{22035F76-5E3E-44D9-9C86-3C16CC45BBF0}.Ad-Hoc|iPhoneSimulator.Build.0 = Release|Any CPU
		{22035F76-5E3E-44D9-9C86-3C16CC45BBF0}.AppStore|Any CPU.ActiveCfg = Release|Any CPU
		{22035F76-5E3E-44D9-9C86-3C16CC45BBF0}.AppStore|Any CPU.Build.0 = Release|Any CPU
		{22035F76-5E3E-44D9-9C86-3C16CC45BBF0}.AppStore|iPhone.ActiveCfg = Debug|Any CPU
		{22035F76-5E3E-44D9-9C86-3C16CC45BBF0}.AppStore|iPhone.Build.0 = Debug|Any CPU
		{22035F76-5E3E-44D9-9C86-3C16CC45BBF0}.AppStore|iPhoneSimulator.ActiveCfg = Release|Any CPU
		{22035F76-5E3E-44D9-9C86-3C16CC45BBF0}.AppStore|iPhoneSimulator.Build.0 = Release|Any CPU
		{22035F76-5E3E-44D9-9C86-3C16CC45BBF0}.BuildNet45|Any CPU.ActiveCfg = Debug|Any CPU
		{22035F76-5E3E-44D9-9C86-3C16CC45BBF0}.BuildNet45|Any CPU.Build.0 = Debug|Any CPU
		{22035F76-5E3E-44D9-9C86-3C16CC45BBF0}.BuildNet45|iPhone.ActiveCfg = Release|Any CPU
		{22035F76-5E3E-44D9-9C86-3C16CC45BBF0}.BuildNet45|iPhone.Build.0 = Release|Any CPU
		{22035F76-5E3E-44D9-9C86-3C16CC45BBF0}.BuildNet45|iPhoneSimulator.ActiveCfg = Release|Any CPU
		{22035F76-5E3E-44D9-9C86-3C16CC45BBF0}.BuildNet45|iPhoneSimulator.Build.0 = Release|Any CPU
		{22035F76-5E3E-44D9-9C86-3C16CC45BBF0}.Debug|Any CPU.ActiveCfg = Debug|Any CPU
		{22035F76-5E3E-44D9-9C86-3C16CC45BBF0}.Debug|Any CPU.Build.0 = Debug|Any CPU
		{22035F76-5E3E-44D9-9C86-3C16CC45BBF0}.Debug|iPhone.ActiveCfg = Debug|Any CPU
		{22035F76-5E3E-44D9-9C86-3C16CC45BBF0}.Debug|iPhone.Build.0 = Debug|Any CPU
		{22035F76-5E3E-44D9-9C86-3C16CC45BBF0}.Debug|iPhoneSimulator.ActiveCfg = Debug|Any CPU
		{22035F76-5E3E-44D9-9C86-3C16CC45BBF0}.Debug|iPhoneSimulator.Build.0 = Debug|Any CPU
		{22035F76-5E3E-44D9-9C86-3C16CC45BBF0}.Release|Any CPU.ActiveCfg = Release|Any CPU
		{22035F76-5E3E-44D9-9C86-3C16CC45BBF0}.Release|Any CPU.Build.0 = Release|Any CPU
		{22035F76-5E3E-44D9-9C86-3C16CC45BBF0}.Release|iPhone.ActiveCfg = Release|Any CPU
		{22035F76-5E3E-44D9-9C86-3C16CC45BBF0}.Release|iPhone.Build.0 = Release|Any CPU
		{22035F76-5E3E-44D9-9C86-3C16CC45BBF0}.Release|iPhoneSimulator.ActiveCfg = Release|Any CPU
		{22035F76-5E3E-44D9-9C86-3C16CC45BBF0}.Release|iPhoneSimulator.Build.0 = Release|Any CPU
		{511EF12F-A751-4A50-82B1-7487C5485A1E}.Ad-Hoc|Any CPU.ActiveCfg = Release|Any CPU
		{511EF12F-A751-4A50-82B1-7487C5485A1E}.Ad-Hoc|Any CPU.Build.0 = Release|Any CPU
		{511EF12F-A751-4A50-82B1-7487C5485A1E}.Ad-Hoc|iPhone.ActiveCfg = Release|Any CPU
		{511EF12F-A751-4A50-82B1-7487C5485A1E}.Ad-Hoc|iPhone.Build.0 = Release|Any CPU
		{511EF12F-A751-4A50-82B1-7487C5485A1E}.Ad-Hoc|iPhoneSimulator.ActiveCfg = Release|Any CPU
		{511EF12F-A751-4A50-82B1-7487C5485A1E}.Ad-Hoc|iPhoneSimulator.Build.0 = Release|Any CPU
		{511EF12F-A751-4A50-82B1-7487C5485A1E}.AppStore|Any CPU.ActiveCfg = Release|Any CPU
		{511EF12F-A751-4A50-82B1-7487C5485A1E}.AppStore|Any CPU.Build.0 = Release|Any CPU
		{511EF12F-A751-4A50-82B1-7487C5485A1E}.AppStore|iPhone.ActiveCfg = Release|Any CPU
		{511EF12F-A751-4A50-82B1-7487C5485A1E}.AppStore|iPhone.Build.0 = Release|Any CPU
		{511EF12F-A751-4A50-82B1-7487C5485A1E}.AppStore|iPhoneSimulator.ActiveCfg = Release|Any CPU
		{511EF12F-A751-4A50-82B1-7487C5485A1E}.AppStore|iPhoneSimulator.Build.0 = Release|Any CPU
		{511EF12F-A751-4A50-82B1-7487C5485A1E}.BuildNet45|Any CPU.ActiveCfg = Release|Any CPU
		{511EF12F-A751-4A50-82B1-7487C5485A1E}.BuildNet45|Any CPU.Build.0 = Release|Any CPU
		{511EF12F-A751-4A50-82B1-7487C5485A1E}.BuildNet45|iPhone.ActiveCfg = Release|Any CPU
		{511EF12F-A751-4A50-82B1-7487C5485A1E}.BuildNet45|iPhone.Build.0 = Release|Any CPU
		{511EF12F-A751-4A50-82B1-7487C5485A1E}.BuildNet45|iPhoneSimulator.ActiveCfg = Release|Any CPU
		{511EF12F-A751-4A50-82B1-7487C5485A1E}.BuildNet45|iPhoneSimulator.Build.0 = Release|Any CPU
		{511EF12F-A751-4A50-82B1-7487C5485A1E}.Debug|Any CPU.ActiveCfg = Debug|Any CPU
		{511EF12F-A751-4A50-82B1-7487C5485A1E}.Debug|Any CPU.Build.0 = Debug|Any CPU
		{511EF12F-A751-4A50-82B1-7487C5485A1E}.Debug|iPhone.ActiveCfg = Debug|Any CPU
		{511EF12F-A751-4A50-82B1-7487C5485A1E}.Debug|iPhone.Build.0 = Debug|Any CPU
		{511EF12F-A751-4A50-82B1-7487C5485A1E}.Debug|iPhoneSimulator.ActiveCfg = Debug|Any CPU
		{511EF12F-A751-4A50-82B1-7487C5485A1E}.Debug|iPhoneSimulator.Build.0 = Debug|Any CPU
		{511EF12F-A751-4A50-82B1-7487C5485A1E}.Release|Any CPU.ActiveCfg = Release|Any CPU
		{511EF12F-A751-4A50-82B1-7487C5485A1E}.Release|Any CPU.Build.0 = Release|Any CPU
		{511EF12F-A751-4A50-82B1-7487C5485A1E}.Release|iPhone.ActiveCfg = Release|Any CPU
		{511EF12F-A751-4A50-82B1-7487C5485A1E}.Release|iPhone.Build.0 = Release|Any CPU
		{511EF12F-A751-4A50-82B1-7487C5485A1E}.Release|iPhoneSimulator.ActiveCfg = Release|Any CPU
		{511EF12F-A751-4A50-82B1-7487C5485A1E}.Release|iPhoneSimulator.Build.0 = Release|Any CPU
		{586D37FE-B247-44A7-B218-278458571D5A}.Ad-Hoc|Any CPU.ActiveCfg = Debug|iPhoneSimulator
		{586D37FE-B247-44A7-B218-278458571D5A}.Ad-Hoc|Any CPU.Build.0 = Debug|iPhoneSimulator
		{586D37FE-B247-44A7-B218-278458571D5A}.Ad-Hoc|iPhone.ActiveCfg = Release|iPhone
		{586D37FE-B247-44A7-B218-278458571D5A}.Ad-Hoc|iPhone.Build.0 = Release|iPhone
		{586D37FE-B247-44A7-B218-278458571D5A}.Ad-Hoc|iPhoneSimulator.ActiveCfg = Debug|iPhoneSimulator
		{586D37FE-B247-44A7-B218-278458571D5A}.Ad-Hoc|iPhoneSimulator.Build.0 = Debug|iPhoneSimulator
		{586D37FE-B247-44A7-B218-278458571D5A}.AppStore|Any CPU.ActiveCfg = Debug|iPhoneSimulator
		{586D37FE-B247-44A7-B218-278458571D5A}.AppStore|Any CPU.Build.0 = Debug|iPhoneSimulator
		{586D37FE-B247-44A7-B218-278458571D5A}.AppStore|iPhone.ActiveCfg = Release|iPhone
		{586D37FE-B247-44A7-B218-278458571D5A}.AppStore|iPhone.Build.0 = Release|iPhone
		{586D37FE-B247-44A7-B218-278458571D5A}.AppStore|iPhoneSimulator.ActiveCfg = Debug|iPhoneSimulator
		{586D37FE-B247-44A7-B218-278458571D5A}.AppStore|iPhoneSimulator.Build.0 = Debug|iPhoneSimulator
		{586D37FE-B247-44A7-B218-278458571D5A}.BuildNet45|Any CPU.ActiveCfg = Debug|iPhoneSimulator
		{586D37FE-B247-44A7-B218-278458571D5A}.BuildNet45|Any CPU.Build.0 = Debug|iPhoneSimulator
		{586D37FE-B247-44A7-B218-278458571D5A}.BuildNet45|iPhone.ActiveCfg = Release|iPhone
		{586D37FE-B247-44A7-B218-278458571D5A}.BuildNet45|iPhone.Build.0 = Release|iPhone
		{586D37FE-B247-44A7-B218-278458571D5A}.BuildNet45|iPhoneSimulator.ActiveCfg = Debug|iPhoneSimulator
		{586D37FE-B247-44A7-B218-278458571D5A}.BuildNet45|iPhoneSimulator.Build.0 = Debug|iPhoneSimulator
		{586D37FE-B247-44A7-B218-278458571D5A}.Debug|Any CPU.ActiveCfg = Debug|iPhoneSimulator
		{586D37FE-B247-44A7-B218-278458571D5A}.Debug|Any CPU.Build.0 = Debug|iPhoneSimulator
		{586D37FE-B247-44A7-B218-278458571D5A}.Debug|iPhone.ActiveCfg = Debug|iPhone
		{586D37FE-B247-44A7-B218-278458571D5A}.Debug|iPhone.Build.0 = Debug|iPhone
		{586D37FE-B247-44A7-B218-278458571D5A}.Debug|iPhoneSimulator.ActiveCfg = Debug|iPhoneSimulator
		{586D37FE-B247-44A7-B218-278458571D5A}.Debug|iPhoneSimulator.Build.0 = Debug|iPhoneSimulator
		{586D37FE-B247-44A7-B218-278458571D5A}.Release|Any CPU.ActiveCfg = Release|iPhone
		{586D37FE-B247-44A7-B218-278458571D5A}.Release|Any CPU.Build.0 = Release|iPhone
		{586D37FE-B247-44A7-B218-278458571D5A}.Release|iPhone.ActiveCfg = Release|iPhone
		{586D37FE-B247-44A7-B218-278458571D5A}.Release|iPhone.Build.0 = Release|iPhone
		{586D37FE-B247-44A7-B218-278458571D5A}.Release|iPhoneSimulator.ActiveCfg = Release|iPhoneSimulator
		{586D37FE-B247-44A7-B218-278458571D5A}.Release|iPhoneSimulator.Build.0 = Release|iPhoneSimulator
		{70F2F312-0E9F-40B2-BA23-37F994708DAE}.Ad-Hoc|Any CPU.ActiveCfg = Release|Any CPU
		{70F2F312-0E9F-40B2-BA23-37F994708DAE}.Ad-Hoc|Any CPU.Build.0 = Release|Any CPU
		{70F2F312-0E9F-40B2-BA23-37F994708DAE}.Ad-Hoc|iPhone.ActiveCfg = Debug|Any CPU
		{70F2F312-0E9F-40B2-BA23-37F994708DAE}.Ad-Hoc|iPhone.Build.0 = Debug|Any CPU
		{70F2F312-0E9F-40B2-BA23-37F994708DAE}.Ad-Hoc|iPhoneSimulator.ActiveCfg = Release|Any CPU
		{70F2F312-0E9F-40B2-BA23-37F994708DAE}.Ad-Hoc|iPhoneSimulator.Build.0 = Release|Any CPU
		{70F2F312-0E9F-40B2-BA23-37F994708DAE}.AppStore|Any CPU.ActiveCfg = Release|Any CPU
		{70F2F312-0E9F-40B2-BA23-37F994708DAE}.AppStore|Any CPU.Build.0 = Release|Any CPU
		{70F2F312-0E9F-40B2-BA23-37F994708DAE}.AppStore|iPhone.ActiveCfg = Debug|Any CPU
		{70F2F312-0E9F-40B2-BA23-37F994708DAE}.AppStore|iPhone.Build.0 = Debug|Any CPU
		{70F2F312-0E9F-40B2-BA23-37F994708DAE}.AppStore|iPhoneSimulator.ActiveCfg = Release|Any CPU
		{70F2F312-0E9F-40B2-BA23-37F994708DAE}.AppStore|iPhoneSimulator.Build.0 = Release|Any CPU
		{70F2F312-0E9F-40B2-BA23-37F994708DAE}.BuildNet45|Any CPU.ActiveCfg = Debug|Any CPU
		{70F2F312-0E9F-40B2-BA23-37F994708DAE}.BuildNet45|Any CPU.Build.0 = Debug|Any CPU
		{70F2F312-0E9F-40B2-BA23-37F994708DAE}.BuildNet45|iPhone.ActiveCfg = Release|Any CPU
		{70F2F312-0E9F-40B2-BA23-37F994708DAE}.BuildNet45|iPhone.Build.0 = Release|Any CPU
		{70F2F312-0E9F-40B2-BA23-37F994708DAE}.BuildNet45|iPhoneSimulator.ActiveCfg = Release|Any CPU
		{70F2F312-0E9F-40B2-BA23-37F994708DAE}.BuildNet45|iPhoneSimulator.Build.0 = Release|Any CPU
		{70F2F312-0E9F-40B2-BA23-37F994708DAE}.Debug|Any CPU.ActiveCfg = Debug|Any CPU
		{70F2F312-0E9F-40B2-BA23-37F994708DAE}.Debug|Any CPU.Build.0 = Debug|Any CPU
		{70F2F312-0E9F-40B2-BA23-37F994708DAE}.Debug|iPhone.ActiveCfg = Debug|Any CPU
		{70F2F312-0E9F-40B2-BA23-37F994708DAE}.Debug|iPhone.Build.0 = Debug|Any CPU
		{70F2F312-0E9F-40B2-BA23-37F994708DAE}.Debug|iPhoneSimulator.ActiveCfg = Debug|Any CPU
		{70F2F312-0E9F-40B2-BA23-37F994708DAE}.Debug|iPhoneSimulator.Build.0 = Debug|Any CPU
		{70F2F312-0E9F-40B2-BA23-37F994708DAE}.Release|Any CPU.ActiveCfg = Release|Any CPU
		{70F2F312-0E9F-40B2-BA23-37F994708DAE}.Release|Any CPU.Build.0 = Release|Any CPU
		{70F2F312-0E9F-40B2-BA23-37F994708DAE}.Release|iPhone.ActiveCfg = Release|Any CPU
		{70F2F312-0E9F-40B2-BA23-37F994708DAE}.Release|iPhone.Build.0 = Release|Any CPU
		{70F2F312-0E9F-40B2-BA23-37F994708DAE}.Release|iPhoneSimulator.ActiveCfg = Release|Any CPU
		{70F2F312-0E9F-40B2-BA23-37F994708DAE}.Release|iPhoneSimulator.Build.0 = Release|Any CPU
		{84D549C9-B9CA-4C37-8C99-2C12DB8906B6}.Ad-Hoc|Any CPU.ActiveCfg = Release|Any CPU
		{84D549C9-B9CA-4C37-8C99-2C12DB8906B6}.Ad-Hoc|Any CPU.Build.0 = Release|Any CPU
		{84D549C9-B9CA-4C37-8C99-2C12DB8906B6}.Ad-Hoc|iPhone.ActiveCfg = Release|Any CPU
		{84D549C9-B9CA-4C37-8C99-2C12DB8906B6}.Ad-Hoc|iPhone.Build.0 = Release|Any CPU
		{84D549C9-B9CA-4C37-8C99-2C12DB8906B6}.Ad-Hoc|iPhoneSimulator.ActiveCfg = Release|Any CPU
		{84D549C9-B9CA-4C37-8C99-2C12DB8906B6}.Ad-Hoc|iPhoneSimulator.Build.0 = Release|Any CPU
		{84D549C9-B9CA-4C37-8C99-2C12DB8906B6}.AppStore|Any CPU.ActiveCfg = Release|Any CPU
		{84D549C9-B9CA-4C37-8C99-2C12DB8906B6}.AppStore|Any CPU.Build.0 = Release|Any CPU
		{84D549C9-B9CA-4C37-8C99-2C12DB8906B6}.AppStore|iPhone.ActiveCfg = Release|Any CPU
		{84D549C9-B9CA-4C37-8C99-2C12DB8906B6}.AppStore|iPhone.Build.0 = Release|Any CPU
		{84D549C9-B9CA-4C37-8C99-2C12DB8906B6}.AppStore|iPhoneSimulator.ActiveCfg = Release|Any CPU
		{84D549C9-B9CA-4C37-8C99-2C12DB8906B6}.AppStore|iPhoneSimulator.Build.0 = Release|Any CPU
		{84D549C9-B9CA-4C37-8C99-2C12DB8906B6}.BuildNet45|Any CPU.ActiveCfg = Release|Any CPU
		{84D549C9-B9CA-4C37-8C99-2C12DB8906B6}.BuildNet45|Any CPU.Build.0 = Release|Any CPU
		{84D549C9-B9CA-4C37-8C99-2C12DB8906B6}.BuildNet45|iPhone.ActiveCfg = Release|Any CPU
		{84D549C9-B9CA-4C37-8C99-2C12DB8906B6}.BuildNet45|iPhone.Build.0 = Release|Any CPU
		{84D549C9-B9CA-4C37-8C99-2C12DB8906B6}.BuildNet45|iPhoneSimulator.ActiveCfg = Release|Any CPU
		{84D549C9-B9CA-4C37-8C99-2C12DB8906B6}.BuildNet45|iPhoneSimulator.Build.0 = Release|Any CPU
		{84D549C9-B9CA-4C37-8C99-2C12DB8906B6}.Debug|Any CPU.ActiveCfg = Debug|Any CPU
		{84D549C9-B9CA-4C37-8C99-2C12DB8906B6}.Debug|Any CPU.Build.0 = Debug|Any CPU
		{84D549C9-B9CA-4C37-8C99-2C12DB8906B6}.Debug|iPhone.ActiveCfg = Debug|Any CPU
		{84D549C9-B9CA-4C37-8C99-2C12DB8906B6}.Debug|iPhone.Build.0 = Debug|Any CPU
		{84D549C9-B9CA-4C37-8C99-2C12DB8906B6}.Debug|iPhoneSimulator.ActiveCfg = Debug|Any CPU
		{84D549C9-B9CA-4C37-8C99-2C12DB8906B6}.Debug|iPhoneSimulator.Build.0 = Debug|Any CPU
		{84D549C9-B9CA-4C37-8C99-2C12DB8906B6}.Release|Any CPU.ActiveCfg = Release|Any CPU
		{84D549C9-B9CA-4C37-8C99-2C12DB8906B6}.Release|Any CPU.Build.0 = Release|Any CPU
		{84D549C9-B9CA-4C37-8C99-2C12DB8906B6}.Release|iPhone.ActiveCfg = Release|Any CPU
		{84D549C9-B9CA-4C37-8C99-2C12DB8906B6}.Release|iPhone.Build.0 = Release|Any CPU
		{84D549C9-B9CA-4C37-8C99-2C12DB8906B6}.Release|iPhoneSimulator.ActiveCfg = Release|Any CPU
		{84D549C9-B9CA-4C37-8C99-2C12DB8906B6}.Release|iPhoneSimulator.Build.0 = Release|Any CPU
		{8ECDFDC5-42D0-4540-9691-830EEB2ED874}.Ad-Hoc|Any CPU.ActiveCfg = Debug|Any CPU
		{8ECDFDC5-42D0-4540-9691-830EEB2ED874}.Ad-Hoc|Any CPU.Build.0 = Debug|Any CPU
		{8ECDFDC5-42D0-4540-9691-830EEB2ED874}.Ad-Hoc|iPhone.ActiveCfg = Release|Any CPU
		{8ECDFDC5-42D0-4540-9691-830EEB2ED874}.Ad-Hoc|iPhone.Build.0 = Release|Any CPU
		{8ECDFDC5-42D0-4540-9691-830EEB2ED874}.Ad-Hoc|iPhoneSimulator.ActiveCfg = Debug|Any CPU
		{8ECDFDC5-42D0-4540-9691-830EEB2ED874}.Ad-Hoc|iPhoneSimulator.Build.0 = Debug|Any CPU
		{8ECDFDC5-42D0-4540-9691-830EEB2ED874}.AppStore|Any CPU.ActiveCfg = Debug|Any CPU
		{8ECDFDC5-42D0-4540-9691-830EEB2ED874}.AppStore|Any CPU.Build.0 = Debug|Any CPU
		{8ECDFDC5-42D0-4540-9691-830EEB2ED874}.AppStore|iPhone.ActiveCfg = Release|Any CPU
		{8ECDFDC5-42D0-4540-9691-830EEB2ED874}.AppStore|iPhone.Build.0 = Release|Any CPU
		{8ECDFDC5-42D0-4540-9691-830EEB2ED874}.AppStore|iPhoneSimulator.ActiveCfg = Debug|Any CPU
		{8ECDFDC5-42D0-4540-9691-830EEB2ED874}.AppStore|iPhoneSimulator.Build.0 = Debug|Any CPU
		{8ECDFDC5-42D0-4540-9691-830EEB2ED874}.BuildNet45|Any CPU.ActiveCfg = Debug|Any CPU
		{8ECDFDC5-42D0-4540-9691-830EEB2ED874}.BuildNet45|Any CPU.Build.0 = Debug|Any CPU
		{8ECDFDC5-42D0-4540-9691-830EEB2ED874}.BuildNet45|iPhone.ActiveCfg = Release|Any CPU
		{8ECDFDC5-42D0-4540-9691-830EEB2ED874}.BuildNet45|iPhone.Build.0 = Release|Any CPU
		{8ECDFDC5-42D0-4540-9691-830EEB2ED874}.BuildNet45|iPhoneSimulator.ActiveCfg = Debug|Any CPU
		{8ECDFDC5-42D0-4540-9691-830EEB2ED874}.BuildNet45|iPhoneSimulator.Build.0 = Debug|Any CPU
		{8ECDFDC5-42D0-4540-9691-830EEB2ED874}.Debug|Any CPU.ActiveCfg = Debug|Any CPU
		{8ECDFDC5-42D0-4540-9691-830EEB2ED874}.Debug|Any CPU.Build.0 = Debug|Any CPU
		{8ECDFDC5-42D0-4540-9691-830EEB2ED874}.Debug|iPhone.ActiveCfg = Debug|Any CPU
		{8ECDFDC5-42D0-4540-9691-830EEB2ED874}.Debug|iPhone.Build.0 = Debug|Any CPU
		{8ECDFDC5-42D0-4540-9691-830EEB2ED874}.Debug|iPhoneSimulator.ActiveCfg = Debug|Any CPU
		{8ECDFDC5-42D0-4540-9691-830EEB2ED874}.Debug|iPhoneSimulator.Build.0 = Debug|Any CPU
		{8ECDFDC5-42D0-4540-9691-830EEB2ED874}.Release|Any CPU.ActiveCfg = Release|Any CPU
		{8ECDFDC5-42D0-4540-9691-830EEB2ED874}.Release|Any CPU.Build.0 = Release|Any CPU
		{8ECDFDC5-42D0-4540-9691-830EEB2ED874}.Release|iPhone.ActiveCfg = Release|Any CPU
		{8ECDFDC5-42D0-4540-9691-830EEB2ED874}.Release|iPhone.Build.0 = Release|Any CPU
		{8ECDFDC5-42D0-4540-9691-830EEB2ED874}.Release|iPhoneSimulator.ActiveCfg = Release|Any CPU
		{8ECDFDC5-42D0-4540-9691-830EEB2ED874}.Release|iPhoneSimulator.Build.0 = Release|Any CPU
		{AB1004CB-BECB-4EDD-979F-71B74C5C2539}.Ad-Hoc|Any CPU.ActiveCfg = Debug|Any CPU
		{AB1004CB-BECB-4EDD-979F-71B74C5C2539}.Ad-Hoc|Any CPU.Build.0 = Debug|Any CPU
		{AB1004CB-BECB-4EDD-979F-71B74C5C2539}.Ad-Hoc|iPhone.ActiveCfg = Release|Any CPU
		{AB1004CB-BECB-4EDD-979F-71B74C5C2539}.Ad-Hoc|iPhone.Build.0 = Release|Any CPU
		{AB1004CB-BECB-4EDD-979F-71B74C5C2539}.Ad-Hoc|iPhoneSimulator.ActiveCfg = Debug|Any CPU
		{AB1004CB-BECB-4EDD-979F-71B74C5C2539}.Ad-Hoc|iPhoneSimulator.Build.0 = Debug|Any CPU
		{AB1004CB-BECB-4EDD-979F-71B74C5C2539}.AppStore|Any CPU.ActiveCfg = Debug|Any CPU
		{AB1004CB-BECB-4EDD-979F-71B74C5C2539}.AppStore|Any CPU.Build.0 = Debug|Any CPU
		{AB1004CB-BECB-4EDD-979F-71B74C5C2539}.AppStore|iPhone.ActiveCfg = Release|Any CPU
		{AB1004CB-BECB-4EDD-979F-71B74C5C2539}.AppStore|iPhone.Build.0 = Release|Any CPU
		{AB1004CB-BECB-4EDD-979F-71B74C5C2539}.AppStore|iPhoneSimulator.ActiveCfg = Debug|Any CPU
		{AB1004CB-BECB-4EDD-979F-71B74C5C2539}.AppStore|iPhoneSimulator.Build.0 = Debug|Any CPU
		{AB1004CB-BECB-4EDD-979F-71B74C5C2539}.BuildNet45|Any CPU.ActiveCfg = Debug|Any CPU
		{AB1004CB-BECB-4EDD-979F-71B74C5C2539}.BuildNet45|Any CPU.Build.0 = Debug|Any CPU
		{AB1004CB-BECB-4EDD-979F-71B74C5C2539}.BuildNet45|iPhone.ActiveCfg = Debug|Any CPU
		{AB1004CB-BECB-4EDD-979F-71B74C5C2539}.BuildNet45|iPhone.Build.0 = Debug|Any CPU
		{AB1004CB-BECB-4EDD-979F-71B74C5C2539}.BuildNet45|iPhoneSimulator.ActiveCfg = Debug|Any CPU
		{AB1004CB-BECB-4EDD-979F-71B74C5C2539}.BuildNet45|iPhoneSimulator.Build.0 = Debug|Any CPU
		{AB1004CB-BECB-4EDD-979F-71B74C5C2539}.Debug|Any CPU.ActiveCfg = Debug|Any CPU
		{AB1004CB-BECB-4EDD-979F-71B74C5C2539}.Debug|Any CPU.Build.0 = Debug|Any CPU
		{AB1004CB-BECB-4EDD-979F-71B74C5C2539}.Debug|iPhone.ActiveCfg = Debug|Any CPU
		{AB1004CB-BECB-4EDD-979F-71B74C5C2539}.Debug|iPhone.Build.0 = Debug|Any CPU
		{AB1004CB-BECB-4EDD-979F-71B74C5C2539}.Debug|iPhoneSimulator.ActiveCfg = Debug|Any CPU
		{AB1004CB-BECB-4EDD-979F-71B74C5C2539}.Debug|iPhoneSimulator.Build.0 = Debug|Any CPU
		{AB1004CB-BECB-4EDD-979F-71B74C5C2539}.Release|Any CPU.ActiveCfg = Release|Any CPU
		{AB1004CB-BECB-4EDD-979F-71B74C5C2539}.Release|Any CPU.Build.0 = Release|Any CPU
		{AB1004CB-BECB-4EDD-979F-71B74C5C2539}.Release|iPhone.ActiveCfg = Release|Any CPU
		{AB1004CB-BECB-4EDD-979F-71B74C5C2539}.Release|iPhone.Build.0 = Release|Any CPU
		{AB1004CB-BECB-4EDD-979F-71B74C5C2539}.Release|iPhoneSimulator.ActiveCfg = Release|Any CPU
		{AB1004CB-BECB-4EDD-979F-71B74C5C2539}.Release|iPhoneSimulator.Build.0 = Release|Any CPU
	EndGlobalSection
	GlobalSection(NestedProjects) = preSolution
		{70F2F312-0E9F-40B2-BA23-37F994708DAE} = {D27889A1-0AD6-4075-89FF-A25638A18887}
		{AB1004CB-BECB-4EDD-979F-71B74C5C2539} = {D27889A1-0AD6-4075-89FF-A25638A18887}
		{84D549C9-B9CA-4C37-8C99-2C12DB8906B6} = {D27889A1-0AD6-4075-89FF-A25638A18887}
		{209FA716-A7AD-4095-BD70-C8710FC66FA7} = {D27889A1-0AD6-4075-89FF-A25638A18887}
		{1C5D7565-766E-4B9C-AFC9-169E0A5B5085} = {D27889A1-0AD6-4075-89FF-A25638A18887}
		{8ECDFDC5-42D0-4540-9691-830EEB2ED874} = {D27889A1-0AD6-4075-89FF-A25638A18887}
		{511EF12F-A751-4A50-82B1-7487C5485A1E} = {C8286333-9B7C-4144-8BF6-E5FC953DAB9B}
		{1788017F-0E3A-4552-A7CD-752F42AD2A2F} = {DC53B158-4062-486F-A6EA-F984116D938F}
		{22035F76-5E3E-44D9-9C86-3C16CC45BBF0} = {DC53B158-4062-486F-A6EA-F984116D938F}
		{586D37FE-B247-44A7-B218-278458571D5A} = {207EB99E-F201-4DCB-8167-9F8D0D3FC834}
		{057B94AE-44D1-478B-BBA6-29EAEEB1F280} = {207EB99E-F201-4DCB-8167-9F8D0D3FC834}
	EndGlobalSection
	GlobalSection(SolutionProperties) = preSolution
		HideSolutionNode = FALSE
	EndGlobalSection
EndGlobal
