
Microsoft Visual Studio Solution File, Format Version 12.00
# Visual Studio 2012
Project("{FAE04EC0-301F-11D3-BF4B-00C04F79EFBC}") = "XCardViewSample", "XCardViewSample\XCardViewSample.csproj", "{828FD46B-8261-4143-AE1C-C457BD8CB36A}"
EndProject
Global
	GlobalSection(SolutionConfigurationPlatforms) = preSolution
		Debug|iPhoneSimulator = Debug|iPhoneSimulator
		Release|iPhoneSimulator = Release|iPhoneSimulator
		Debug|iPhone = Debug|iPhone
		Release|iPhone = Release|iPhone
		Ad-Hoc|iPhone = Ad-Hoc|iPhone
		AppStore|iPhone = AppStore|iPhone
	EndGlobalSection
	GlobalSection(ProjectConfigurationPlatforms) = postSolution
		{828FD46B-8261-4143-AE1C-C457BD8CB36A}.Ad-Hoc|iPhone.ActiveCfg = Ad-Hoc|iPhone
		{828FD46B-8261-4143-AE1C-C457BD8CB36A}.Ad-Hoc|iPhone.Build.0 = Ad-Hoc|iPhone
		{828FD46B-8261-4143-AE1C-C457BD8CB36A}.AppStore|iPhone.ActiveCfg = AppStore|iPhone
		{828FD46B-8261-4143-AE1C-C457BD8CB36A}.AppStore|iPhone.Build.0 = AppStore|iPhone
		{828FD46B-8261-4143-AE1C-C457BD8CB36A}.Debug|iPhone.ActiveCfg = Debug|iPhone
		{828FD46B-8261-4143-AE1C-C457BD8CB36A}.Debug|iPhone.Build.0 = Debug|iPhone
		{828FD46B-8261-4143-AE1C-C457BD8CB36A}.Debug|iPhoneSimulator.ActiveCfg = Debug|iPhoneSimulator
		{828FD46B-8261-4143-AE1C-C457BD8CB36A}.Debug|iPhoneSimulator.Build.0 = Debug|iPhoneSimulator
		{828FD46B-8261-4143-AE1C-C457BD8CB36A}.Release|iPhone.ActiveCfg = Release|iPhone
		{828FD46B-8261-4143-AE1C-C457BD8CB36A}.Release|iPhone.Build.0 = Release|iPhone
		{828FD46B-8261-4143-AE1C-C457BD8CB36A}.Release|iPhoneSimulator.ActiveCfg = Release|iPhoneSimulator
		{828FD46B-8261-4143-AE1C-C457BD8CB36A}.Release|iPhoneSimulator.Build.0 = Release|iPhoneSimulator
		{4FBB0543-CB1C-4CEF-9C2B-F69A3BAE2EE8}.Ad-Hoc|iPhone.ActiveCfg = Ad-Hoc|iPhone
		{4FBB0543-CB1C-4CEF-9C2B-F69A3BAE2EE8}.Ad-Hoc|iPhone.Build.0 = Ad-Hoc|iPhone
		{4FBB0543-CB1C-4CEF-9C2B-F69A3BAE2EE8}.AppStore|iPhone.ActiveCfg = AppStore|iPhone
		{4FBB0543-CB1C-4CEF-9C2B-F69A3BAE2EE8}.AppStore|iPhone.Build.0 = AppStore|iPhone
		{4FBB0543-CB1C-4CEF-9C2B-F69A3BAE2EE8}.Debug|iPhone.ActiveCfg = Debug|iPhone
		{4FBB0543-CB1C-4CEF-9C2B-F69A3BAE2EE8}.Debug|iPhone.Build.0 = Debug|iPhone
		{4FBB0543-CB1C-4CEF-9C2B-F69A3BAE2EE8}.Debug|iPhoneSimulator.ActiveCfg = Debug|iPhoneSimulator
		{4FBB0543-CB1C-4CEF-9C2B-F69A3BAE2EE8}.Debug|iPhoneSimulator.Build.0 = Debug|iPhoneSimulator
		{4FBB0543-CB1C-4CEF-9C2B-F69A3BAE2EE8}.Release|iPhone.ActiveCfg = Release|iPhone
		{4FBB0543-CB1C-4CEF-9C2B-F69A3BAE2EE8}.Release|iPhone.Build.0 = Release|iPhone
		{4FBB0543-CB1C-4CEF-9C2B-F69A3BAE2EE8}.Release|iPhoneSimulator.ActiveCfg = Release|iPhoneSimulator
		{4FBB0543-CB1C-4CEF-9C2B-F69A3BAE2EE8}.Release|iPhoneSimulator.Build.0 = Release|iPhoneSimulator
	EndGlobalSection
	GlobalSection(MonoDevelopProperties) = preSolution
		Policies = $0
		$0.DotNetNamingPolicy = $1
		$1.DirectoryNamespaceAssociation = None
		$1.ResourceNamePolicy = FileFormatDefault
		$0.TextStylePolicy = $2
		$2.inheritsSet = null
		$2.scope = text/x-csharp
		$0.CSharpFormattingPolicy = $3
		$3.PropertyGetBraceStyle = NextLine
		$3.PropertySetBraceStyle = NextLine
		$3.StatementBraceStyle = NextLine
		$3.BeforeMethodDeclarationParentheses = False
		$3.BeforeMethodCallParentheses = False
		$3.BeforeConstructorDeclarationParentheses = False
		$3.BeforeDelegateDeclarationParentheses = False
		$3.AfterDelegateDeclarationParameterComma = True
		$3.SpacesAfterTypecast = True
		$3.inheritsSet = Mono
		$3.inheritsScope = text/x-csharp
		$3.scope = text/x-csharp
		$0.NameConventionPolicy = $4
		$4.Rules = $5
		$5.NamingRule = $6
		$6.Name = Namespaces
		$6.AffectedEntity = Namespace
		$6.VisibilityMask = VisibilityMask
		$6.NamingStyle = PascalCase
		$6.IncludeInstanceMembers = True
		$6.IncludeStaticEntities = True
		$5.NamingRule = $7
		$7.Name = Types
		$7.AffectedEntity = Class, Struct, Enum, Delegate
		$7.VisibilityMask = Public
		$7.NamingStyle = PascalCase
		$7.IncludeInstanceMembers = True
		$7.IncludeStaticEntities = True
		$5.NamingRule = $8
		$8.Name = Interfaces
		$8.RequiredPrefixes = $9
		$9.String = I
		$8.AffectedEntity = Interface
		$8.VisibilityMask = Public
		$8.NamingStyle = PascalCase
		$8.IncludeInstanceMembers = True
		$8.IncludeStaticEntities = True
		$5.NamingRule = $10
		$10.Name = Attributes
		$10.RequiredSuffixes = $11
		$11.String = Attribute
		$10.AffectedEntity = CustomAttributes
		$10.VisibilityMask = Public
		$10.NamingStyle = PascalCase
		$10.IncludeInstanceMembers = True
		$10.IncludeStaticEntities = True
		$5.NamingRule = $12
		$12.Name = Event Arguments
		$12.RequiredSuffixes = $13
		$13.String = EventArgs
		$12.AffectedEntity = CustomEventArgs
		$12.VisibilityMask = Public
		$12.NamingStyle = PascalCase
		$12.IncludeInstanceMembers = True
		$12.IncludeStaticEntities = True
		$5.NamingRule = $14
		$14.Name = Exceptions
		$14.RequiredSuffixes = $15
		$15.String = Exception
		$14.AffectedEntity = CustomExceptions
		$14.VisibilityMask = VisibilityMask
		$14.NamingStyle = PascalCase
		$14.IncludeInstanceMembers = True
		$14.IncludeStaticEntities = True
		$5.NamingRule = $16
		$16.Name = Methods
		$16.AffectedEntity = Methods
		$16.VisibilityMask = Protected, Public
		$16.NamingStyle = PascalCase
		$16.IncludeInstanceMembers = True
		$16.IncludeStaticEntities = True
		$5.NamingRule = $17
		$17.Name = Static Readonly Fields
		$17.AffectedEntity = ReadonlyField
		$17.VisibilityMask = Protected, Public
		$17.NamingStyle = PascalCase
		$17.IncludeInstanceMembers = False
		$17.IncludeStaticEntities = True
		$5.NamingRule = $18
		$18.Name = Fields
		$18.AffectedEntity = Field
		$18.VisibilityMask = Protected, Public
		$18.NamingStyle = PascalCase
		$18.IncludeInstanceMembers = True
		$18.IncludeStaticEntities = True
		$5.NamingRule = $19
		$19.Name = ReadOnly Fields
		$19.AffectedEntity = ReadonlyField
		$19.VisibilityMask = Protected, Public
		$19.NamingStyle = PascalCase
		$19.IncludeInstanceMembers = True
		$19.IncludeStaticEntities = False
		$5.NamingRule = $20
		$20.Name = Constant Fields
		$20.AffectedEntity = ConstantField
		$20.VisibilityMask = Protected, Public
		$20.NamingStyle = PascalCase
		$20.IncludeInstanceMembers = True
		$20.IncludeStaticEntities = True
		$5.NamingRule = $21
		$21.Name = Properties
		$21.AffectedEntity = Property
		$21.VisibilityMask = Protected, Public
		$21.NamingStyle = PascalCase
		$21.IncludeInstanceMembers = True
		$21.IncludeStaticEntities = True
		$5.NamingRule = $22
		$22.Name = Events
		$22.AffectedEntity = Event
		$22.VisibilityMask = Protected, Public
		$22.NamingStyle = PascalCase
		$22.IncludeInstanceMembers = True
		$22.IncludeStaticEntities = True
		$5.NamingRule = $23
		$23.Name = Enum Members
		$23.AffectedEntity = EnumMember
		$23.VisibilityMask = VisibilityMask
		$23.NamingStyle = PascalCase
		$23.IncludeInstanceMembers = True
		$23.IncludeStaticEntities = True
		$5.NamingRule = $24
		$24.Name = Parameters
		$24.AffectedEntity = Parameter
		$24.VisibilityMask = VisibilityMask
		$24.NamingStyle = CamelCase
		$24.IncludeInstanceMembers = True
		$24.IncludeStaticEntities = True
		$5.NamingRule = $25
		$25.Name = Type Parameters
		$25.RequiredPrefixes = $26
		$26.String = T
		$25.AffectedEntity = TypeParameter
		$25.VisibilityMask = VisibilityMask
		$25.NamingStyle = PascalCase
		$25.IncludeInstanceMembers = True
		$25.IncludeStaticEntities = True
		version = 1.1
	EndGlobalSection
EndGlobal
