
Microsoft Visual Studio Solution File, Format Version 11.00
# Visual Studio 2010
Project("{FAE04EC0-301F-11D3-BF4B-00C04F79EFBC}") = "MessageBarSample-Classic", "MessageBarTest\MessageBarSample-Classic.csproj", "{3F197F69-28A5-4A9B-9F1F-FD903EE60BBF}"
EndProject
Global
	GlobalSection(SolutionConfigurationPlatforms) = preSolution
		Debug|iPhoneSimulator = Debug|iPhoneSimulator
		Release|iPhoneSimulator = Release|iPhoneSimulator
		Debug|iPhone = Debug|iPhone
		Release|iPhone = Release|iPhone
		Ad-Hoc|iPhone = Ad-Hoc|iPhone
		AppStore|iPhone = AppStore|iPhone
	EndGlobalSection
	GlobalSection(ProjectConfigurationPlatforms) = postSolution
		{3F197F69-28A5-4A9B-9F1F-FD903EE60BBF}.Ad-Hoc|iPhone.ActiveCfg = Ad-Hoc|iPhone
		{3F197F69-28A5-4A9B-9F1F-FD903EE60BBF}.Ad-Hoc|iPhone.Build.0 = Ad-Hoc|iPhone
		{3F197F69-28A5-4A9B-9F1F-FD903EE60BBF}.AppStore|iPhone.ActiveCfg = AppStore|iPhone
		{3F197F69-28A5-4A9B-9F1F-FD903EE60BBF}.AppStore|iPhone.Build.0 = AppStore|iPhone
		{3F197F69-28A5-4A9B-9F1F-FD903EE60BBF}.Debug|iPhone.ActiveCfg = Debug|iPhone
		{3F197F69-28A5-4A9B-9F1F-FD903EE60BBF}.Debug|iPhone.Build.0 = Debug|iPhone
		{3F197F69-28A5-4A9B-9F1F-FD903EE60BBF}.Debug|iPhoneSimulator.ActiveCfg = Debug|iPhoneSimulator
		{3F197F69-28A5-4A9B-9F1F-FD903EE60BBF}.Debug|iPhoneSimulator.Build.0 = Debug|iPhoneSimulator
		{3F197F69-28A5-4A9B-9F1F-FD903EE60BBF}.Release|iPhone.ActiveCfg = Release|iPhone
		{3F197F69-28A5-4A9B-9F1F-FD903EE60BBF}.Release|iPhone.Build.0 = Release|iPhone
		{3F197F69-28A5-4A9B-9F1F-FD903EE60BBF}.Release|iPhoneSimulator.ActiveCfg = Release|iPhoneSimulator
		{3F197F69-28A5-4A9B-9F1F-FD903EE60BBF}.Release|iPhoneSimulator.Build.0 = Release|iPhoneSimulator
	EndGlobalSection
	GlobalSection(MonoDevelopProperties) = preSolution
		StartupItem = MessageBarTest\MessageBarSample-Classic.csproj
	EndGlobalSection
	GlobalSection(SolutionProperties) = preSolution
		HideSolutionNode = FALSE
	EndGlobalSection
EndGlobal
